// !$*UTF8*$!
{
	archiveVersion = 1;
	classes = {
	};
	objectVersion = 55;
	objects = {

/* Begin PBXBuildFile section */
		55F64A4028325359006720D5 /* Tests_iOS.swift in Sources */ = {isa = PBXBuildFile; fileRef = 55F64A3F28325359006720D5 /* Tests_iOS.swift */; };
		55F64A4228325359006720D5 /* Tests_iOSLaunchTests.swift in Sources */ = {isa = PBXBuildFile; fileRef = 55F64A4128325359006720D5 /* Tests_iOSLaunchTests.swift */; };
		55F64A4C28325359006720D5 /* Tests_macOS.swift in Sources */ = {isa = PBXBuildFile; fileRef = 55F64A4B28325359006720D5 /* Tests_macOS.swift */; };
		55F64A4E28325359006720D5 /* Tests_macOSLaunchTests.swift in Sources */ = {isa = PBXBuildFile; fileRef = 55F64A4D28325359006720D5 /* Tests_macOSLaunchTests.swift */; };
		55F64A4F28325359006720D5 /* GitCommitsApp.swift in Sources */ = {isa = PBXBuildFile; fileRef = 55F64A2728325358006720D5 /* GitCommitsApp.swift */; };
		55F64A5028325359006720D5 /* GitCommitsApp.swift in Sources */ = {isa = PBXBuildFile; fileRef = 55F64A2728325358006720D5 /* GitCommitsApp.swift */; };
		55F64A5128325359006720D5 /* ContentView.swift in Sources */ = {isa = PBXBuildFile; fileRef = 55F64A2828325358006720D5 /* ContentView.swift */; };
		55F64A5228325359006720D5 /* ContentView.swift in Sources */ = {isa = PBXBuildFile; fileRef = 55F64A2828325358006720D5 /* ContentView.swift */; };
		55F64A5328325359006720D5 /* Assets.xcassets in Resources */ = {isa = PBXBuildFile; fileRef = 55F64A2928325359006720D5 /* Assets.xcassets */; };
		55F64A5428325359006720D5 /* Assets.xcassets in Resources */ = {isa = PBXBuildFile; fileRef = 55F64A2928325359006720D5 /* Assets.xcassets */; };
/* End PBXBuildFile section */

/* Begin PBXContainerItemProxy section */
		55F64A3C28325359006720D5 /* PBXContainerItemProxy */ = {
			isa = PBXContainerItemProxy;
			containerPortal = 55F64A2228325358006720D5 /* Project object */;
			proxyType = 1;
			remoteGlobalIDString = 55F64A2D28325359006720D5;
			remoteInfo = "GitCommits (iOS)";
		};
		55F64A4828325359006720D5 /* PBXContainerItemProxy */ = {
			isa = PBXContainerItemProxy;
			containerPortal = 55F64A2228325358006720D5 /* Project object */;
			proxyType = 1;
			remoteGlobalIDString = 55F64A3328325359006720D5;
			remoteInfo = "GitCommits (macOS)";
		};
/* End PBXContainerItemProxy section */

/* Begin PBXFileReference section */
		55F64A2728325358006720D5 /* GitCommitsApp.swift */ = {isa = PBXFileReference; lastKnownFileType = sourcecode.swift; path = GitCommitsApp.swift; sourceTree = "<group>"; };
		55F64A2828325358006720D5 /* ContentView.swift */ = {isa = PBXFileReference; lastKnownFileType = sourcecode.swift; path = ContentView.swift; sourceTree = "<group>"; };
		55F64A2928325359006720D5 /* Assets.xcassets */ = {isa = PBXFileReference; lastKnownFileType = folder.assetcatalog; path = Assets.xcassets; sourceTree = "<group>"; };
		55F64A2E28325359006720D5 /* GitCommits.app */ = {isa = PBXFileReference; explicitFileType = wrapper.application; includeInIndex = 0; path = GitCommits.app; sourceTree = BUILT_PRODUCTS_DIR; };
		55F64A3428325359006720D5 /* GitCommits.app */ = {isa = PBXFileReference; explicitFileType = wrapper.application; includeInIndex = 0; path = GitCommits.app; sourceTree = BUILT_PRODUCTS_DIR; };
		55F64A3628325359006720D5 /* macOS.entitlements */ = {isa = PBXFileReference; lastKnownFileType = text.plist.entitlements; path = macOS.entitlements; sourceTree = "<group>"; };
		55F64A3B28325359006720D5 /* Tests iOS.xctest */ = {isa = PBXFileReference; explicitFileType = wrapper.cfbundle; includeInIndex = 0; path = "Tests iOS.xctest"; sourceTree = BUILT_PRODUCTS_DIR; };
		55F64A3F28325359006720D5 /* Tests_iOS.swift */ = {isa = PBXFileReference; lastKnownFileType = sourcecode.swift; path = Tests_iOS.swift; sourceTree = "<group>"; };
		55F64A4128325359006720D5 /* Tests_iOSLaunchTests.swift */ = {isa = PBXFileReference; lastKnownFileType = sourcecode.swift; path = Tests_iOSLaunchTests.swift; sourceTree = "<group>"; };
		55F64A4728325359006720D5 /* Tests macOS.xctest */ = {isa = PBXFileReference; explicitFileType = wrapper.cfbundle; includeInIndex = 0; path = "Tests macOS.xctest"; sourceTree = BUILT_PRODUCTS_DIR; };
		55F64A4B28325359006720D5 /* Tests_macOS.swift */ = {isa = PBXFileReference; lastKnownFileType = sourcecode.swift; path = Tests_macOS.swift; sourceTree = "<group>"; };
		55F64A4D28325359006720D5 /* Tests_macOSLaunchTests.swift */ = {isa = PBXFileReference; lastKnownFileType = sourcecode.swift; path = Tests_macOSLaunchTests.swift; sourceTree = "<group>"; };
/* End PBXFileReference section */

/* Begin PBXFrameworksBuildPhase section */
		55F64A2B28325359006720D5 /* Frameworks */ = {
			isa = PBXFrameworksBuildPhase;
			buildActionMask = 2147483647;
			files = (
			);
			runOnlyForDeploymentPostprocessing = 0;
		};
		55F64A3128325359006720D5 /* Frameworks */ = {
			isa = PBXFrameworksBuildPhase;
			buildActionMask = 2147483647;
			files = (
			);
			runOnlyForDeploymentPostprocessing = 0;
		};
		55F64A3828325359006720D5 /* Frameworks */ = {
			isa = PBXFrameworksBuildPhase;
			buildActionMask = 2147483647;
			files = (
			);
			runOnlyForDeploymentPostprocessing = 0;
		};
		55F64A4428325359006720D5 /* Frameworks */ = {
			isa = PBXFrameworksBuildPhase;
			buildActionMask = 2147483647;
			files = (
			);
			runOnlyForDeploymentPostprocessing = 0;
		};
/* End PBXFrameworksBuildPhase section */

/* Begin PBXGroup section */
		55F64A2128325358006720D5 = {
			isa = PBXGroup;
			children = (
				55F64A2628325358006720D5 /* Shared */,
				55F64A3528325359006720D5 /* macOS */,
				55F64A3E28325359006720D5 /* Tests iOS */,
				55F64A4A28325359006720D5 /* Tests macOS */,
				55F64A2F28325359006720D5 /* Products */,
			);
			sourceTree = "<group>";
		};
		55F64A2628325358006720D5 /* Shared */ = {
			isa = PBXGroup;
			children = (
				55F64A2728325358006720D5 /* GitCommitsApp.swift */,
				55F64A2828325358006720D5 /* ContentView.swift */,
				55F64A2928325359006720D5 /* Assets.xcassets */,
			);
			path = Shared;
			sourceTree = "<group>";
		};
		55F64A2F28325359006720D5 /* Products */ = {
			isa = PBXGroup;
			children = (
				55F64A2E28325359006720D5 /* GitCommits.app */,
				55F64A3428325359006720D5 /* GitCommits.app */,
				55F64A3B28325359006720D5 /* Tests iOS.xctest */,
				55F64A4728325359006720D5 /* Tests macOS.xctest */,
			);
			name = Products;
			sourceTree = "<group>";
		};
		55F64A3528325359006720D5 /* macOS */ = {
			isa = PBXGroup;
			children = (
				55F64A3628325359006720D5 /* macOS.entitlements */,
			);
			path = macOS;
			sourceTree = "<group>";
		};
		55F64A3E28325359006720D5 /* Tests iOS */ = {
			isa = PBXGroup;
			children = (
				55F64A3F28325359006720D5 /* Tests_iOS.swift */,
				55F64A4128325359006720D5 /* Tests_iOSLaunchTests.swift */,
			);
			path = "Tests iOS";
			sourceTree = "<group>";
		};
		55F64A4A28325359006720D5 /* Tests macOS */ = {
			isa = PBXGroup;
			children = (
				55F64A4B28325359006720D5 /* Tests_macOS.swift */,
				55F64A4D28325359006720D5 /* Tests_macOSLaunchTests.swift */,
			);
			path = "Tests macOS";
			sourceTree = "<group>";
		};
/* End PBXGroup section */

/* Begin PBXNativeTarget section */
		55F64A2D28325359006720D5 /* GitCommits (iOS) */ = {
			isa = PBXNativeTarget;
			buildConfigurationList = 55F64A5728325359006720D5 /* Build configuration list for PBXNativeTarget "GitCommits (iOS)" */;
			buildPhases = (
				55F64A2A28325359006720D5 /* Sources */,
				55F64A2B28325359006720D5 /* Frameworks */,
				55F64A2C28325359006720D5 /* Resources */,
			);
			buildRules = (
			);
			dependencies = (
			);
			name = "GitCommits (iOS)";
			productName = "GitCommits (iOS)";
			productReference = 55F64A2E28325359006720D5 /* GitCommits.app */;
			productType = "com.apple.product-type.application";
		};
		55F64A3328325359006720D5 /* GitCommits (macOS) */ = {
			isa = PBXNativeTarget;
			buildConfigurationList = 55F64A5A28325359006720D5 /* Build configuration list for PBXNativeTarget "GitCommits (macOS)" */;
			buildPhases = (
				55F64A3028325359006720D5 /* Sources */,
				55F64A3128325359006720D5 /* Frameworks */,
				55F64A3228325359006720D5 /* Resources */,
			);
			buildRules = (
			);
			dependencies = (
			);
			name = "GitCommits (macOS)";
			productName = "GitCommits (macOS)";
			productReference = 55F64A3428325359006720D5 /* GitCommits.app */;
			productType = "com.apple.product-type.application";
		};
		55F64A3A28325359006720D5 /* Tests iOS */ = {
			isa = PBXNativeTarget;
			buildConfigurationList = 55F64A5D28325359006720D5 /* Build configuration list for PBXNativeTarget "Tests iOS" */;
			buildPhases = (
				55F64A3728325359006720D5 /* Sources */,
				55F64A3828325359006720D5 /* Frameworks */,
				55F64A3928325359006720D5 /* Resources */,
			);
			buildRules = (
			);
			dependencies = (
				55F64A3D28325359006720D5 /* PBXTargetDependency */,
			);
			name = "Tests iOS";
			productName = "Tests iOS";
			productReference = 55F64A3B28325359006720D5 /* Tests iOS.xctest */;
			productType = "com.apple.product-type.bundle.ui-testing";
		};
		55F64A4628325359006720D5 /* Tests macOS */ = {
			isa = PBXNativeTarget;
			buildConfigurationList = 55F64A6028325359006720D5 /* Build configuration list for PBXNativeTarget "Tests macOS" */;
			buildPhases = (
				55F64A4328325359006720D5 /* Sources */,
				55F64A4428325359006720D5 /* Frameworks */,
				55F64A4528325359006720D5 /* Resources */,
			);
			buildRules = (
			);
			dependencies = (
				55F64A4928325359006720D5 /* PBXTargetDependency */,
			);
			name = "Tests macOS";
			productName = "Tests macOS";
			productReference = 55F64A4728325359006720D5 /* Tests macOS.xctest */;
			productType = "com.apple.product-type.bundle.ui-testing";
		};
/* End PBXNativeTarget section */

/* Begin PBXProject section */
		55F64A2228325358006720D5 /* Project object */ = {
			isa = PBXProject;
			attributes = {
				BuildIndependentTargetsInParallel = 1;
				LastSwiftUpdateCheck = 1340;
				LastUpgradeCheck = 1340;
				TargetAttributes = {
					55F64A2D28325359006720D5 = {
						CreatedOnToolsVersion = 13.4;
					};
					55F64A3328325359006720D5 = {
						CreatedOnToolsVersion = 13.4;
					};
					55F64A3A28325359006720D5 = {
						CreatedOnToolsVersion = 13.4;
						TestTargetID = 55F64A2D28325359006720D5;
					};
					55F64A4628325359006720D5 = {
						CreatedOnToolsVersion = 13.4;
						TestTargetID = 55F64A3328325359006720D5;
					};
				};
			};
			buildConfigurationList = 55F64A2528325358006720D5 /* Build configuration list for PBXProject "GitCommits" */;
			compatibilityVersion = "Xcode 13.0";
			developmentRegion = en;
			hasScannedForEncodings = 0;
			knownRegions = (
				en,
				Base,
			);
			mainGroup = 55F64A2128325358006720D5;
			productRefGroup = 55F64A2F28325359006720D5 /* Products */;
			projectDirPath = "";
			projectRoot = "";
			targets = (
				55F64A2D28325359006720D5 /* GitCommits (iOS) */,
				55F64A3328325359006720D5 /* GitCommits (macOS) */,
				55F64A3A28325359006720D5 /* Tests iOS */,
				55F64A4628325359006720D5 /* Tests macOS */,
			);
		};
/* End PBXProject section */

/* Begin PBXResourcesBuildPhase section */
		55F64A2C28325359006720D5 /* Resources */ = {
			isa = PBXResourcesBuildPhase;
			buildActionMask = 2147483647;
			files = (
				55F64A5328325359006720D5 /* Assets.xcassets in Resources */,
			);
			runOnlyForDeploymentPostprocessing = 0;
		};
		55F64A3228325359006720D5 /* Resources */ = {
			isa = PBXResourcesBuildPhase;
			buildActionMask = 2147483647;
			files = (
				55F64A5428325359006720D5 /* Assets.xcassets in Resources */,
			);
			runOnlyForDeploymentPostprocessing = 0;
		};
		55F64A3928325359006720D5 /* Resources */ = {
			isa = PBXResourcesBuildPhase;
			buildActionMask = 2147483647;
			files = (
			);
			runOnlyForDeploymentPostprocessing = 0;
		};
		55F64A4528325359006720D5 /* Resources */ = {
			isa = PBXResourcesBuildPhase;
			buildActionMask = 2147483647;
			files = (
			);
			runOnlyForDeploymentPostprocessing = 0;
		};
/* End PBXResourcesBuildPhase section */

/* Begin PBXSourcesBuildPhase section */
		55F64A2A28325359006720D5 /* Sources */ = {
			isa = PBXSourcesBuildPhase;
			buildActionMask = 2147483647;
			files = (
				55F64A5128325359006720D5 /* ContentView.swift in Sources */,
				55F64A4F28325359006720D5 /* GitCommitsApp.swift in Sources */,
			);
			runOnlyForDeploymentPostprocessing = 0;
		};
		55F64A3028325359006720D5 /* Sources */ = {
			isa = PBXSourcesBuildPhase;
			buildActionMask = 2147483647;
			files = (
				55F64A5228325359006720D5 /* ContentView.swift in Sources */,
				55F64A5028325359006720D5 /* GitCommitsApp.swift in Sources */,
			);
			runOnlyForDeploymentPostprocessing = 0;
		};
		55F64A3728325359006720D5 /* Sources */ = {
			isa = PBXSourcesBuildPhase;
			buildActionMask = 2147483647;
			files = (
				55F64A4228325359006720D5 /* Tests_iOSLaunchTests.swift in Sources */,
				55F64A4028325359006720D5 /* Tests_iOS.swift in Sources */,
			);
			runOnlyForDeploymentPostprocessing = 0;
		};
		55F64A4328325359006720D5 /* Sources */ = {
			isa = PBXSourcesBuildPhase;
			buildActionMask = 2147483647;
			files = (
				55F64A4E28325359006720D5 /* Tests_macOSLaunchTests.swift in Sources */,
				55F64A4C28325359006720D5 /* Tests_macOS.swift in Sources */,
			);
			runOnlyForDeploymentPostprocessing = 0;
		};
/* End PBXSourcesBuildPhase section */

/* Begin PBXTargetDependency section */
		55F64A3D28325359006720D5 /* PBXTargetDependency */ = {
			isa = PBXTargetDependency;
			target = 55F64A2D28325359006720D5 /* GitCommits (iOS) */;
			targetProxy = 55F64A3C28325359006720D5 /* PBXContainerItemProxy */;
		};
		55F64A4928325359006720D5 /* PBXTargetDependency */ = {
			isa = PBXTargetDependency;
			target = 55F64A3328325359006720D5 /* GitCommits (macOS) */;
			targetProxy = 55F64A4828325359006720D5 /* PBXContainerItemProxy */;
		};
/* End PBXTargetDependency section */

/* Begin XCBuildConfiguration section */
		55F64A5528325359006720D5 /* Debug */ = {
			isa = XCBuildConfiguration;
			buildSettings = {
				ALWAYS_SEARCH_USER_PATHS = NO;
				CLANG_ANALYZER_NONNULL = YES;
				CLANG_ANALYZER_NUMBER_OBJECT_CONVERSION = YES_AGGRESSIVE;
				CLANG_CXX_LANGUAGE_STANDARD = "gnu++17";
				CLANG_ENABLE_MODULES = YES;
				CLANG_ENABLE_OBJC_ARC = YES;
				CLANG_ENABLE_OBJC_WEAK = YES;
				CLANG_WARN_BLOCK_CAPTURE_AUTORELEASING = YES;
				CLANG_WARN_BOOL_CONVERSION = YES;
				CLANG_WARN_COMMA = YES;
				CLANG_WARN_CONSTANT_CONVERSION = YES;
				CLANG_WARN_DEPRECATED_OBJC_IMPLEMENTATIONS = YES;
				CLANG_WARN_DIRECT_OBJC_ISA_USAGE = YES_ERROR;
				CLANG_WARN_DOCUMENTATION_COMMENTS = YES;
				CLANG_WARN_EMPTY_BODY = YES;
				CLANG_WARN_ENUM_CONVERSION = YES;
				CLANG_WARN_INFINITE_RECURSION = YES;
				CLANG_WARN_INT_CONVERSION = YES;
				CLANG_WARN_NON_LITERAL_NULL_CONVERSION = YES;
				CLANG_WARN_OBJC_IMPLICIT_RETAIN_SELF = YES;
				CLANG_WARN_OBJC_LITERAL_CONVERSION = YES;
				CLANG_WARN_OBJC_ROOT_CLASS = YES_ERROR;
				CLANG_WARN_QUOTED_INCLUDE_IN_FRAMEWORK_HEADER = YES;
				CLANG_WARN_RANGE_LOOP_ANALYSIS = YES;
				CLANG_WARN_STRICT_PROTOTYPES = YES;
				CLANG_WARN_SUSPICIOUS_MOVE = YES;
				CLANG_WARN_UNGUARDED_AVAILABILITY = YES_AGGRESSIVE;
				CLANG_WARN_UNREACHABLE_CODE = YES;
				CLANG_WARN__DUPLICATE_METHOD_MATCH = YES;
				COPY_PHASE_STRIP = NO;
				DEBUG_INFORMATION_FORMAT = dwarf;
				ENABLE_STRICT_OBJC_MSGSEND = YES;
				ENABLE_TESTABILITY = YES;
				GCC_C_LANGUAGE_STANDARD = gnu11;
				GCC_DYNAMIC_NO_PIC = NO;
				GCC_NO_COMMON_BLOCKS = YES;
				GCC_OPTIMIZATION_LEVEL = 0;
				GCC_PREPROCESSOR_DEFINITIONS = (
					"DEBUG=1",
					"$(inherited)",
				);
				GCC_WARN_64_TO_32_BIT_CONVERSION = YES;
				GCC_WARN_ABOUT_RETURN_TYPE = YES_ERROR;
				GCC_WARN_UNDECLARED_SELECTOR = YES;
				GCC_WARN_UNINITIALIZED_AUTOS = YES_AGGRESSIVE;
				GCC_WARN_UNUSED_FUNCTION = YES;
				GCC_WARN_UNUSED_VARIABLE = YES;
				MTL_ENABLE_DEBUG_INFO = INCLUDE_SOURCE;
				MTL_FAST_MATH = YES;
				ONLY_ACTIVE_ARCH = YES;
				SWIFT_ACTIVE_COMPILATION_CONDITIONS = DEBUG;
				SWIFT_OPTIMIZATION_LEVEL = "-Onone";
			};
			name = Debug;
		};
		55F64A5628325359006720D5 /* Release */ = {
			isa = XCBuildConfiguration;
			buildSettings = {
				ALWAYS_SEARCH_USER_PATHS = NO;
				CLANG_ANALYZER_NONNULL = YES;
				CLANG_ANALYZER_NUMBER_OBJECT_CONVERSION = YES_AGGRESSIVE;
				CLANG_CXX_LANGUAGE_STANDARD = "gnu++17";
				CLANG_ENABLE_MODULES = YES;
				CLANG_ENABLE_OBJC_ARC = YES;
				CLANG_ENABLE_OBJC_WEAK = YES;
				CLANG_WARN_BLOCK_CAPTURE_AUTORELEASING = YES;
				CLANG_WARN_BOOL_CONVERSION = YES;
				CLANG_WARN_COMMA = YES;
				CLANG_WARN_CONSTANT_CONVERSION = YES;
				CLANG_WARN_DEPRECATED_OBJC_IMPLEMENTATIONS = YES;
				CLANG_WARN_DIRECT_OBJC_ISA_USAGE = YES_ERROR;
				CLANG_WARN_DOCUMENTATION_COMMENTS = YES;
				CLANG_WARN_EMPTY_BODY = YES;
				CLANG_WARN_ENUM_CONVERSION = YES;
				CLANG_WARN_INFINITE_RECURSION = YES;
				CLANG_WARN_INT_CONVERSION = YES;
				CLANG_WARN_NON_LITERAL_NULL_CONVERSION = YES;
				CLANG_WARN_OBJC_IMPLICIT_RETAIN_SELF = YES;
				CLANG_WARN_OBJC_LITERAL_CONVERSION = YES;
				CLANG_WARN_OBJC_ROOT_CLASS = YES_ERROR;
				CLANG_WARN_QUOTED_INCLUDE_IN_FRAMEWORK_HEADER = YES;
				CLANG_WARN_RANGE_LOOP_ANALYSIS = YES;
				CLANG_WARN_STRICT_PROTOTYPES = YES;
				CLANG_WARN_SUSPICIOUS_MOVE = YES;
				CLANG_WARN_UNGUARDED_AVAILABILITY = YES_AGGRESSIVE;
				CLANG_WARN_UNREACHABLE_CODE = YES;
				CLANG_WARN__DUPLICATE_METHOD_MATCH = YES;
				COPY_PHASE_STRIP = NO;
				DEBUG_INFORMATION_FORMAT = "dwarf-with-dsym";
				ENABLE_NS_ASSERTIONS = NO;
				ENABLE_STRICT_OBJC_MSGSEND = YES;
				GCC_C_LANGUAGE_STANDARD = gnu11;
				GCC_NO_COMMON_BLOCKS = YES;
				GCC_WARN_64_TO_32_BIT_CONVERSION = YES;
				GCC_WARN_ABOUT_RETURN_TYPE = YES_ERROR;
				GCC_WARN_UNDECLARED_SELECTOR = YES;
				GCC_WARN_UNINITIALIZED_AUTOS = YES_AGGRESSIVE;
				GCC_WARN_UNUSED_FUNCTION = YES;
				GCC_WARN_UNUSED_VARIABLE = YES;
				MTL_ENABLE_DEBUG_INFO = NO;
				MTL_FAST_MATH = YES;
				SWIFT_COMPILATION_MODE = wholemodule;
				SWIFT_OPTIMIZATION_LEVEL = "-O";
			};
			name = Release;
		};
		55F64A5828325359006720D5 /* Debug */ = {
			isa = XCBuildConfiguration;
			buildSettings = {
				ASSETCATALOG_COMPILER_APPICON_NAME = AppIcon;
				ASSETCATALOG_COMPILER_GLOBAL_ACCENT_COLOR_NAME = AccentColor;
				CODE_SIGN_STYLE = Automatic;
				CURRENT_PROJECT_VERSION = 1;
				DEVELOPMENT_TEAM = GP4MMMES25;
				ENABLE_PREVIEWS = YES;
				GENERATE_INFOPLIST_FILE = YES;
				INFOPLIST_KEY_UIApplicationSceneManifest_Generation = YES;
				INFOPLIST_KEY_UIApplicationSupportsIndirectInputEvents = YES;
				INFOPLIST_KEY_UILaunchScreen_Generation = YES;
				INFOPLIST_KEY_UISupportedInterfaceOrientations_iPad = "UIInterfaceOrientationPortrait UIInterfaceOrientationPortraitUpsideDown UIInterfaceOrientationLandscapeLeft UIInterfaceOrientationLandscapeRight";
				INFOPLIST_KEY_UISupportedInterfaceOrientations_iPhone = "UIInterfaceOrientationPortrait UIInterfaceOrientationLandscapeLeft UIInterfaceOrientationLandscapeRight";
				IPHONEOS_DEPLOYMENT_TARGET = 15.5;
				LD_RUNPATH_SEARCH_PATHS = (
					"$(inherited)",
					"@executable_path/Frameworks",
				);
				MARKETING_VERSION = 1.0;
				PRODUCT_BUNDLE_IDENTIFIER = com.iqilu.GitCommits;
				PRODUCT_NAME = GitCommits;
				SDKROOT = iphoneos;
				SWIFT_EMIT_LOC_STRINGS = YES;
				SWIFT_VERSION = 5.0;
				TARGETED_DEVICE_FAMILY = "1,2";
			};
			name = Debug;
		};
		55F64A5928325359006720D5 /* Release */ = {
			isa = XCBuildConfiguration;
			buildSettings = {
				ASSETCATALOG_COMPILER_APPICON_NAME = AppIcon;
				ASSETCATALOG_COMPILER_GLOBAL_ACCENT_COLOR_NAME = AccentColor;
				CODE_SIGN_STYLE = Automatic;
				CURRENT_PROJECT_VERSION = 1;
				DEVELOPMENT_TEAM = GP4MMMES25;
				ENABLE_PREVIEWS = YES;
				GENERATE_INFOPLIST_FILE = YES;
				INFOPLIST_KEY_UIApplicationSceneManifest_Generation = YES;
				INFOPLIST_KEY_UIApplicationSupportsIndirectInputEvents = YES;
				INFOPLIST_KEY_UILaunchScreen_Generation = YES;
				INFOPLIST_KEY_UISupportedInterfaceOrientations_iPad = "UIInterfaceOrientationPortrait UIInterfaceOrientationPortraitUpsideDown UIInterfaceOrientationLandscapeLeft UIInterfaceOrientationLandscapeRight";
				INFOPLIST_KEY_UISupportedInterfaceOrientations_iPhone = "UIInterfaceOrientationPortrait UIInterfaceOrientationLandscapeLeft UIInterfaceOrientationLandscapeRight";
				IPHONEOS_DEPLOYMENT_TARGET = 15.5;
				LD_RUNPATH_SEARCH_PATHS = (
					"$(inherited)",
					"@executable_path/Frameworks",
				);
				MARKETING_VERSION = 1.0;
				PRODUCT_BUNDLE_IDENTIFIER = com.iqilu.GitCommits;
				PRODUCT_NAME = GitCommits;
				SDKROOT = iphoneos;
				SWIFT_EMIT_LOC_STRINGS = YES;
				SWIFT_VERSION = 5.0;
				TARGETED_DEVICE_FAMILY = "1,2";
				VALIDATE_PRODUCT = YES;
			};
			name = Release;
		};
		55F64A5B28325359006720D5 /* Debug */ = {
			isa = XCBuildConfiguration;
			buildSettings = {
				ASSETCATALOG_COMPILER_APPICON_NAME = AppIcon;
				ASSETCATALOG_COMPILER_GLOBAL_ACCENT_COLOR_NAME = AccentColor;
				CODE_SIGN_ENTITLEMENTS = macOS/macOS.entitlements;
				CODE_SIGN_STYLE = Automatic;
				COMBINE_HIDPI_IMAGES = YES;
				CURRENT_PROJECT_VERSION = 1;
				DEVELOPMENT_TEAM = GP4MMMES25;
				ENABLE_HARDENED_RUNTIME = YES;
				ENABLE_PREVIEWS = YES;
				GENERATE_INFOPLIST_FILE = YES;
				INFOPLIST_KEY_NSHumanReadableCopyright = "";
				LD_RUNPATH_SEARCH_PATHS = (
					"$(inherited)",
					"@executable_path/../Frameworks",
				);
				MACOSX_DEPLOYMENT_TARGET = 12.3;
				MARKETING_VERSION = 1.0;
				PRODUCT_BUNDLE_IDENTIFIER = com.iqilu.GitCommits;
				PRODUCT_NAME = GitCommits;
				SDKROOT = macosx;
				SWIFT_EMIT_LOC_STRINGS = YES;
				SWIFT_VERSION = 5.0;
			};
			name = Debug;
		};
		55F64A5C28325359006720D5 /* Release */ = {
			isa = XCBuildConfiguration;
			buildSettings = {
				ASSETCATALOG_COMPILER_APPICON_NAME = AppIcon;
				ASSETCATALOG_COMPILER_GLOBAL_ACCENT_COLOR_NAME = AccentColor;
				CODE_SIGN_ENTITLEMENTS = macOS/macOS.entitlements;
				CODE_SIGN_STYLE = Automatic;
				COMBINE_HIDPI_IMAGES = YES;
				CURRENT_PROJECT_VERSION = 1;
				DEVELOPMENT_TEAM = GP4MMMES25;
				ENABLE_HARDENED_RUNTIME = YES;
				ENABLE_PREVIEWS = YES;
				GENERATE_INFOPLIST_FILE = YES;
				INFOPLIST_KEY_NSHumanReadableCopyright = "";
				LD_RUNPATH_SEARCH_PATHS = (
					"$(inherited)",
					"@executable_path/../Frameworks",
				);
				MACOSX_DEPLOYMENT_TARGET = 12.3;
				MARKETING_VERSION = 1.0;
				PRODUCT_BUNDLE_IDENTIFIER = com.iqilu.GitCommits;
				PRODUCT_NAME = GitCommits;
				SDKROOT = macosx;
				SWIFT_EMIT_LOC_STRINGS = YES;
				SWIFT_VERSION = 5.0;
			};
			name = Release;
		};
		55F64A5E28325359006720D5 /* Debug */ = {
			isa = XCBuildConfiguration;
			buildSettings = {
				ALWAYS_EMBED_SWIFT_STANDARD_LIBRARIES = YES;
				CODE_SIGN_STYLE = Automatic;
				CURRENT_PROJECT_VERSION = 1;
				DEVELOPMENT_TEAM = GP4MMMES25;
				GENERATE_INFOPLIST_FILE = YES;
				IPHONEOS_DEPLOYMENT_TARGET = 15.5;
				MARKETING_VERSION = 1.0;
				PRODUCT_BUNDLE_IDENTIFIER = "com.iqilu.Tests-iOS";
				PRODUCT_NAME = "$(TARGET_NAME)";
				SDKROOT = iphoneos;
				SWIFT_EMIT_LOC_STRINGS = NO;
				SWIFT_VERSION = 5.0;
				TARGETED_DEVICE_FAMILY = "1,2";
				TEST_TARGET_NAME = "GitCommits (iOS)";
			};
			name = Debug;
		};
		55F64A5F28325359006720D5 /* Release */ = {
			isa = XCBuildConfiguration;
			buildSettings = {
				ALWAYS_EMBED_SWIFT_STANDARD_LIBRARIES = YES;
				CODE_SIGN_STYLE = Automatic;
				CURRENT_PROJECT_VERSION = 1;
				DEVELOPMENT_TEAM = GP4MMMES25;
				GENERATE_INFOPLIST_FILE = YES;
				IPHONEOS_DEPLOYMENT_TARGET = 15.5;
				MARKETING_VERSION = 1.0;
				PRODUCT_BUNDLE_IDENTIFIER = "com.iqilu.Tests-iOS";
				PRODUCT_NAME = "$(TARGET_NAME)";
				SDKROOT = iphoneos;
				SWIFT_EMIT_LOC_STRINGS = NO;
				SWIFT_VERSION = 5.0;
				TARGETED_DEVICE_FAMILY = "1,2";
				TEST_TARGET_NAME = "GitCommits (iOS)";
				VALIDATE_PRODUCT = YES;
			};
			name = Release;
		};
		55F64A6128325359006720D5 /* Debug */ = {
			isa = XCBuildConfiguration;
			buildSettings = {
				ALWAYS_EMBED_SWIFT_STANDARD_LIBRARIES = YES;
				CODE_SIGN_STYLE = Automatic;
				CURRENT_PROJECT_VERSION = 1;
				DEVELOPMENT_TEAM = GP4MMMES25;
				GENERATE_INFOPLIST_FILE = YES;
				MACOSX_DEPLOYMENT_TARGET = 12.3;
				MARKETING_VERSION = 1.0;
				PRODUCT_BUNDLE_IDENTIFIER = "com.iqilu.Tests-macOS";
				PRODUCT_NAME = "$(TARGET_NAME)";
				SDKROOT = macosx;
				SWIFT_EMIT_LOC_STRINGS = NO;
				SWIFT_VERSION = 5.0;
				TEST_TARGET_NAME = "GitCommits (macOS)";
			};
			name = Debug;
		};
		55F64A6228325359006720D5 /* Release */ = {
			isa = XCBuildConfiguration;
			buildSettings = {
				ALWAYS_EMBED_SWIFT_STANDARD_LIBRARIES = YES;
				CODE_SIGN_STYLE = Automatic;
				CURRENT_PROJECT_VERSION = 1;
				DEVELOPMENT_TEAM = GP4MMMES25;
				GENERATE_INFOPLIST_FILE = YES;
				MACOSX_DEPLOYMENT_TARGET = 12.3;
				MARKETING_VERSION = 1.0;
				PRODUCT_BUNDLE_IDENTIFIER = "com.iqilu.Tests-macOS";
				PRODUCT_NAME = "$(TARGET_NAME)";
				SDKROOT = macosx;
				SWIFT_EMIT_LOC_STRINGS = NO;
				SWIFT_VERSION = 5.0;
				TEST_TARGET_NAME = "GitCommits (macOS)";
			};
			name = Release;
		};
/* End XCBuildConfiguration section */

/* Begin XCConfigurationList section */
		55F64A2528325358006720D5 /* Build configuration list for PBXProject "GitCommits" */ = {
			isa = XCConfigurationList;
			buildConfigurations = (
				55F64A5528325359006720D5 /* Debug */,
				55F64A5628325359006720D5 /* Release */,
			);
			defaultConfigurationIsVisible = 0;
			defaultConfigurationName = Release;
		};
		55F64A5728325359006720D5 /* Build configuration list for PBXNativeTarget "GitCommits (iOS)" */ = {
			isa = XCConfigurationList;
			buildConfigurations = (
				55F64A5828325359006720D5 /* Debug */,
				55F64A5928325359006720D5 /* Release */,
			);
			defaultConfigurationIsVisible = 0;
			defaultConfigurationName = Release;
		};
		55F64A5A28325359006720D5 /* Build configuration list for PBXNativeTarget "GitCommits (macOS)" */ = {
			isa = XCConfigurationList;
			buildConfigurations = (
				55F64A5B28325359006720D5 /* Debug */,
				55F64A5C28325359006720D5 /* Release */,
			);
			defaultConfigurationIsVisible = 0;
			defaultConfigurationName = Release;
		};
		55F64A5D28325359006720D5 /* Build configuration list for PBXNativeTarget "Tests iOS" */ = {
			isa = XCConfigurationList;
			buildConfigurations = (
				55F64A5E28325359006720D5 /* Debug */,
				55F64A5F28325359006720D5 /* Release */,
			);
			defaultConfigurationIsVisible = 0;
			defaultConfigurationName = Release;
		};
		55F64A6028325359006720D5 /* Build configuration list for PBXNativeTarget "Tests macOS" */ = {
			isa = XCConfigurationList;
			buildConfigurations = (
				55F64A6128325359006720D5 /* Debug */,
				55F64A6228325359006720D5 /* Release */,
			);
			defaultConfigurationIsVisible = 0;
			defaultConfigurationName = Release;
		};
/* End XCConfigurationList section */
	};
	rootObject = 55F64A2228325358006720D5 /* Project object */;
}
