// !$*UTF8*$!
{
	archiveVersion = 1;
	classes = {
	};
	objectVersion = 55;
	objects = {

/* Begin PBXBuildFile section */
		09401D3D9E55F9E8D5B87F0F /* Pods_GitCommits__iOS_.framework in Frameworks */ = {isa = PBXBuildFile; fileRef = EFB2AE64F414F5B129E9A9E4 /* Pods_GitCommits__iOS_.framework */; };
		550AE46E283F44F800598FC3 /* Commit.swift in Sources */ = {isa = PBXBuildFile; fileRef = 550AE46D283F44F800598FC3 /* Commit.swift */; };
		550AE46F283F44F800598FC3 /* Commit.swift in Sources */ = {isa = PBXBuildFile; fileRef = 550AE46D283F44F800598FC3 /* Commit.swift */; };
		550AE471283F6A4B00598FC3 /* Map.swift in Sources */ = {isa = PBXBuildFile; fileRef = 550AE470283F6A4B00598FC3 /* Map.swift */; };
		550AE472283F6A4B00598FC3 /* Map.swift in Sources */ = {isa = PBXBuildFile; fileRef = 550AE470283F6A4B00598FC3 /* Map.swift */; };
		55693D65283B21DE00B00EE0 /* SimpleAlert.swift in Sources */ = {isa = PBXBuildFile; fileRef = 55693D64283B21DE00B00EE0 /* SimpleAlert.swift */; };
		556DFE832834A28B00C67539 /* CommitsView.swift in Sources */ = {isa = PBXBuildFile; fileRef = 556DFE822834A28B00C67539 /* CommitsView.swift */; };
		556DFE842834A28B00C67539 /* CommitsView.swift in Sources */ = {isa = PBXBuildFile; fileRef = 556DFE822834A28B00C67539 /* CommitsView.swift */; };
		556DFE862834A40000C67539 /* RepositoryView.swift in Sources */ = {isa = PBXBuildFile; fileRef = 556DFE852834A40000C67539 /* RepositoryView.swift */; };
		556DFE872834A40000C67539 /* RepositoryView.swift in Sources */ = {isa = PBXBuildFile; fileRef = 556DFE852834A40000C67539 /* RepositoryView.swift */; };
		556DFE892834D67600C67539 /* Repository.swift in Sources */ = {isa = PBXBuildFile; fileRef = 556DFE882834D67600C67539 /* Repository.swift */; };
		556DFE8A2834D67600C67539 /* Repository.swift in Sources */ = {isa = PBXBuildFile; fileRef = 556DFE882834D67600C67539 /* Repository.swift */; };
		556DFE8D2834D71200C67539 /* RepositoryType.swift in Sources */ = {isa = PBXBuildFile; fileRef = 556DFE8C2834D71200C67539 /* RepositoryType.swift */; };
		556DFE8E2834D71200C67539 /* RepositoryType.swift in Sources */ = {isa = PBXBuildFile; fileRef = 556DFE8C2834D71200C67539 /* RepositoryType.swift */; };
		556DFE902834DC8700C67539 /* AppState.swift in Sources */ = {isa = PBXBuildFile; fileRef = 556DFE8F2834DC8700C67539 /* AppState.swift */; };
		556DFE912834DC8700C67539 /* AppState.swift in Sources */ = {isa = PBXBuildFile; fileRef = 556DFE8F2834DC8700C67539 /* AppState.swift */; };
		5584ADA9283E0FE800E59403 /* SettingsView.swift in Sources */ = {isa = PBXBuildFile; fileRef = 5584ADA8283E0FE800E59403 /* SettingsView.swift */; };
		5584ADAA283E0FE800E59403 /* SettingsView.swift in Sources */ = {isa = PBXBuildFile; fileRef = 5584ADA8283E0FE800E59403 /* SettingsView.swift */; };
		5584ADAC283E1E6000E59403 /* AppStorageArray.swift in Sources */ = {isa = PBXBuildFile; fileRef = 5584ADAB283E1E6000E59403 /* AppStorageArray.swift */; };
		5584ADAD283E1E6000E59403 /* AppStorageArray.swift in Sources */ = {isa = PBXBuildFile; fileRef = 5584ADAB283E1E6000E59403 /* AppStorageArray.swift */; };
		55A118CD2840B4BC00AF9E5B /* Flow.swift in Sources */ = {isa = PBXBuildFile; fileRef = 55A118CC2840B4BC00AF9E5B /* Flow.swift */; };
		55A118CE2840B4BC00AF9E5B /* Flow.swift in Sources */ = {isa = PBXBuildFile; fileRef = 55A118CC2840B4BC00AF9E5B /* Flow.swift */; };
		55A118D02840C59E00AF9E5B /* FloatInputView.swift in Sources */ = {isa = PBXBuildFile; fileRef = 55A118CF2840C59E00AF9E5B /* FloatInputView.swift */; };
		55A118D12840C59E00AF9E5B /* FloatInputView.swift in Sources */ = {isa = PBXBuildFile; fileRef = 55A118CF2840C59E00AF9E5B /* FloatInputView.swift */; };
		55BE58EF2835DD01006E9DD6 /* RepositoryImportView.swift in Sources */ = {isa = PBXBuildFile; fileRef = 55BE58EE2835DD01006E9DD6 /* RepositoryImportView.swift */; };
		55BE58F02835DD01006E9DD6 /* RepositoryImportView.swift in Sources */ = {isa = PBXBuildFile; fileRef = 55BE58EE2835DD01006E9DD6 /* RepositoryImportView.swift */; };
		55BE58F32835F31C006E9DD6 /* SwiftUIWindow.swift in Sources */ = {isa = PBXBuildFile; fileRef = 55BE58F12835F31C006E9DD6 /* SwiftUIWindow.swift */; };
		55BE58F52835F35A006E9DD6 /* HostingView.swift in Sources */ = {isa = PBXBuildFile; fileRef = 55BE58F42835F35A006E9DD6 /* HostingView.swift */; };
		55BE58F72835F391006E9DD6 /* WindowModifier.swift in Sources */ = {isa = PBXBuildFile; fileRef = 55BE58F62835F391006E9DD6 /* WindowModifier.swift */; };
		55BE58FA2836185A006E9DD6 /* Appdelegate.swift in Sources */ = {isa = PBXBuildFile; fileRef = 55BE58F92836185A006E9DD6 /* Appdelegate.swift */; };
		55E0A6452833A82F00BEAFFF /* HomeView.swift in Sources */ = {isa = PBXBuildFile; fileRef = 55E0A6442833A82F00BEAFFF /* HomeView.swift */; };
		55E0A6462833A82F00BEAFFF /* HomeView.swift in Sources */ = {isa = PBXBuildFile; fileRef = 55E0A6442833A82F00BEAFFF /* HomeView.swift */; };
		55E0A6472833A82F00BEAFFF /* HomeView.swift in Sources */ = {isa = PBXBuildFile; fileRef = 55E0A6442833A82F00BEAFFF /* HomeView.swift */; };
		55E0A6482833A82F00BEAFFF /* HomeView.swift in Sources */ = {isa = PBXBuildFile; fileRef = 55E0A6442833A82F00BEAFFF /* HomeView.swift */; };
		55E54C2E283CE508002F9F5F /* DictionaryExtension.swift in Sources */ = {isa = PBXBuildFile; fileRef = 55E54C2D283CE508002F9F5F /* DictionaryExtension.swift */; };
		55E54C2F283CE508002F9F5F /* DictionaryExtension.swift in Sources */ = {isa = PBXBuildFile; fileRef = 55E54C2D283CE508002F9F5F /* DictionaryExtension.swift */; };
		55E54C32283CE60A002F9F5F /* DBManager.swift in Sources */ = {isa = PBXBuildFile; fileRef = 55E54C31283CE60A002F9F5F /* DBManager.swift */; };
		55E54C33283CE60A002F9F5F /* DBManager.swift in Sources */ = {isa = PBXBuildFile; fileRef = 55E54C31283CE60A002F9F5F /* DBManager.swift */; };
		55E54C34283CE60A002F9F5F /* DBManager.swift in Sources */ = {isa = PBXBuildFile; fileRef = 55E54C31283CE60A002F9F5F /* DBManager.swift */; };
		55E54C35283CE60A002F9F5F /* DBManager.swift in Sources */ = {isa = PBXBuildFile; fileRef = 55E54C31283CE60A002F9F5F /* DBManager.swift */; };
		55E54C3A283DCA46002F9F5F /* WebView.swift in Sources */ = {isa = PBXBuildFile; fileRef = 55E54C39283DCA46002F9F5F /* WebView.swift */; };
		55E54C3B283DCA46002F9F5F /* WebView.swift in Sources */ = {isa = PBXBuildFile; fileRef = 55E54C39283DCA46002F9F5F /* WebView.swift */; };
		55E6057B28379E2A008EBA5C /* ConfirmButtonStyle.swift in Sources */ = {isa = PBXBuildFile; fileRef = 55E6057A28379E2A008EBA5C /* ConfirmButtonStyle.swift */; };
		55E6057C28379E2A008EBA5C /* ConfirmButtonStyle.swift in Sources */ = {isa = PBXBuildFile; fileRef = 55E6057A28379E2A008EBA5C /* ConfirmButtonStyle.swift */; };
		55F64A4028325359006720D5 /* Tests_iOS.swift in Sources */ = {isa = PBXBuildFile; fileRef = 55F64A3F28325359006720D5 /* Tests_iOS.swift */; };
		55F64A4228325359006720D5 /* Tests_iOSLaunchTests.swift in Sources */ = {isa = PBXBuildFile; fileRef = 55F64A4128325359006720D5 /* Tests_iOSLaunchTests.swift */; };
		55F64A4C28325359006720D5 /* Tests_macOS.swift in Sources */ = {isa = PBXBuildFile; fileRef = 55F64A4B28325359006720D5 /* Tests_macOS.swift */; };
		55F64A4E28325359006720D5 /* Tests_macOSLaunchTests.swift in Sources */ = {isa = PBXBuildFile; fileRef = 55F64A4D28325359006720D5 /* Tests_macOSLaunchTests.swift */; };
		55F64A4F28325359006720D5 /* GitCommitsApp.swift in Sources */ = {isa = PBXBuildFile; fileRef = 55F64A2728325358006720D5 /* GitCommitsApp.swift */; };
		55F64A5028325359006720D5 /* GitCommitsApp.swift in Sources */ = {isa = PBXBuildFile; fileRef = 55F64A2728325358006720D5 /* GitCommitsApp.swift */; };
		55F64A5328325359006720D5 /* Assets.xcassets in Resources */ = {isa = PBXBuildFile; fileRef = 55F64A2928325359006720D5 /* Assets.xcassets */; };
		55F64A5428325359006720D5 /* Assets.xcassets in Resources */ = {isa = PBXBuildFile; fileRef = 55F64A2928325359006720D5 /* Assets.xcassets */; };
		9574FB507A3618A572C3B614 /* Pods_GitCommits__macOS_.framework in Frameworks */ = {isa = PBXBuildFile; fileRef = 440F7FD5CD24FCBEA4E99E2E /* Pods_GitCommits__macOS_.framework */; };
/* End PBXBuildFile section */

/* Begin PBXContainerItemProxy section */
		55F64A3C28325359006720D5 /* PBXContainerItemProxy */ = {
			isa = PBXContainerItemProxy;
			containerPortal = 55F64A2228325358006720D5 /* Project object */;
			proxyType = 1;
			remoteGlobalIDString = 55F64A2D28325359006720D5;
			remoteInfo = "GitCommits (iOS)";
		};
		55F64A4828325359006720D5 /* PBXContainerItemProxy */ = {
			isa = PBXContainerItemProxy;
			containerPortal = 55F64A2228325358006720D5 /* Project object */;
			proxyType = 1;
			remoteGlobalIDString = 55F64A3328325359006720D5;
			remoteInfo = "GitCommits (macOS)";
		};
/* End PBXContainerItemProxy section */

/* Begin PBXFileReference section */
		42613EEE6FE6B1B1B1D02C9E /* Pods-GitCommits (macOS).debug.xcconfig */ = {isa = PBXFileReference; includeInIndex = 1; lastKnownFileType = text.xcconfig; name = "Pods-GitCommits (macOS).debug.xcconfig"; path = "Target Support Files/Pods-GitCommits (macOS)/Pods-GitCommits (macOS).debug.xcconfig"; sourceTree = "<group>"; };
		440F7FD5CD24FCBEA4E99E2E /* Pods_GitCommits__macOS_.framework */ = {isa = PBXFileReference; explicitFileType = wrapper.framework; includeInIndex = 0; path = Pods_GitCommits__macOS_.framework; sourceTree = BUILT_PRODUCTS_DIR; };
		550AE46D283F44F800598FC3 /* Commit.swift */ = {isa = PBXFileReference; lastKnownFileType = sourcecode.swift; path = Commit.swift; sourceTree = "<group>"; };
		550AE470283F6A4B00598FC3 /* Map.swift */ = {isa = PBXFileReference; lastKnownFileType = sourcecode.swift; path = Map.swift; sourceTree = "<group>"; };
		55693D64283B21DE00B00EE0 /* SimpleAlert.swift */ = {isa = PBXFileReference; lastKnownFileType = sourcecode.swift; path = SimpleAlert.swift; sourceTree = "<group>"; };
		556DFE822834A28B00C67539 /* CommitsView.swift */ = {isa = PBXFileReference; lastKnownFileType = sourcecode.swift; path = CommitsView.swift; sourceTree = "<group>"; };
		556DFE852834A40000C67539 /* RepositoryView.swift */ = {isa = PBXFileReference; lastKnownFileType = sourcecode.swift; path = RepositoryView.swift; sourceTree = "<group>"; };
		556DFE882834D67600C67539 /* Repository.swift */ = {isa = PBXFileReference; lastKnownFileType = sourcecode.swift; path = Repository.swift; sourceTree = "<group>"; };
		556DFE8C2834D71200C67539 /* RepositoryType.swift */ = {isa = PBXFileReference; lastKnownFileType = sourcecode.swift; path = RepositoryType.swift; sourceTree = "<group>"; };
		556DFE8F2834DC8700C67539 /* AppState.swift */ = {isa = PBXFileReference; lastKnownFileType = sourcecode.swift; path = AppState.swift; sourceTree = "<group>"; };
		5584ADA8283E0FE800E59403 /* SettingsView.swift */ = {isa = PBXFileReference; lastKnownFileType = sourcecode.swift; path = SettingsView.swift; sourceTree = "<group>"; };
		5584ADAB283E1E6000E59403 /* AppStorageArray.swift */ = {isa = PBXFileReference; lastKnownFileType = sourcecode.swift; path = AppStorageArray.swift; sourceTree = "<group>"; };
		55A118CC2840B4BC00AF9E5B /* Flow.swift */ = {isa = PBXFileReference; fileEncoding = 4; lastKnownFileType = sourcecode.swift; path = Flow.swift; sourceTree = "<group>"; };
		55A118CF2840C59E00AF9E5B /* FloatInputView.swift */ = {isa = PBXFileReference; lastKnownFileType = sourcecode.swift; path = FloatInputView.swift; sourceTree = "<group>"; };
		55BE58EE2835DD01006E9DD6 /* RepositoryImportView.swift */ = {isa = PBXFileReference; lastKnownFileType = sourcecode.swift; path = RepositoryImportView.swift; sourceTree = "<group>"; };
		55BE58F12835F31C006E9DD6 /* SwiftUIWindow.swift */ = {isa = PBXFileReference; lastKnownFileType = sourcecode.swift; path = SwiftUIWindow.swift; sourceTree = "<group>"; };
		55BE58F42835F35A006E9DD6 /* HostingView.swift */ = {isa = PBXFileReference; lastKnownFileType = sourcecode.swift; path = HostingView.swift; sourceTree = "<group>"; };
		55BE58F62835F391006E9DD6 /* WindowModifier.swift */ = {isa = PBXFileReference; lastKnownFileType = sourcecode.swift; path = WindowModifier.swift; sourceTree = "<group>"; };
		55BE58F82835F816006E9DD6 /* GitCommits--macOS--Info.plist */ = {isa = PBXFileReference; lastKnownFileType = text.plist; path = "GitCommits--macOS--Info.plist"; sourceTree = "<group>"; };
		55BE58F92836185A006E9DD6 /* Appdelegate.swift */ = {isa = PBXFileReference; lastKnownFileType = sourcecode.swift; path = Appdelegate.swift; sourceTree = "<group>"; };
		55E0A6442833A82F00BEAFFF /* HomeView.swift */ = {isa = PBXFileReference; lastKnownFileType = sourcecode.swift; path = HomeView.swift; sourceTree = "<group>"; };
		55E54C2D283CE508002F9F5F /* DictionaryExtension.swift */ = {isa = PBXFileReference; lastKnownFileType = sourcecode.swift; path = DictionaryExtension.swift; sourceTree = "<group>"; };
		55E54C31283CE60A002F9F5F /* DBManager.swift */ = {isa = PBXFileReference; lastKnownFileType = sourcecode.swift; path = DBManager.swift; sourceTree = "<group>"; };
		55E54C39283DCA46002F9F5F /* WebView.swift */ = {isa = PBXFileReference; lastKnownFileType = sourcecode.swift; path = WebView.swift; sourceTree = "<group>"; };
		55E6057A28379E2A008EBA5C /* ConfirmButtonStyle.swift */ = {isa = PBXFileReference; lastKnownFileType = sourcecode.swift; path = ConfirmButtonStyle.swift; sourceTree = "<group>"; };
		55F64A2728325358006720D5 /* GitCommitsApp.swift */ = {isa = PBXFileReference; lastKnownFileType = sourcecode.swift; path = GitCommitsApp.swift; sourceTree = "<group>"; };
		55F64A2928325359006720D5 /* Assets.xcassets */ = {isa = PBXFileReference; lastKnownFileType = folder.assetcatalog; path = Assets.xcassets; sourceTree = "<group>"; };
		55F64A2E28325359006720D5 /* GitCommits.app */ = {isa = PBXFileReference; explicitFileType = wrapper.application; includeInIndex = 0; path = GitCommits.app; sourceTree = BUILT_PRODUCTS_DIR; };
		55F64A3428325359006720D5 /* GitCommits.app */ = {isa = PBXFileReference; explicitFileType = wrapper.application; includeInIndex = 0; path = GitCommits.app; sourceTree = BUILT_PRODUCTS_DIR; };
		55F64A3628325359006720D5 /* macOS.entitlements */ = {isa = PBXFileReference; lastKnownFileType = text.plist.entitlements; path = macOS.entitlements; sourceTree = "<group>"; };
		55F64A3B28325359006720D5 /* Tests iOS.xctest */ = {isa = PBXFileReference; explicitFileType = wrapper.cfbundle; includeInIndex = 0; path = "Tests iOS.xctest"; sourceTree = BUILT_PRODUCTS_DIR; };
		55F64A3F28325359006720D5 /* Tests_iOS.swift */ = {isa = PBXFileReference; lastKnownFileType = sourcecode.swift; path = Tests_iOS.swift; sourceTree = "<group>"; };
		55F64A4128325359006720D5 /* Tests_iOSLaunchTests.swift */ = {isa = PBXFileReference; lastKnownFileType = sourcecode.swift; path = Tests_iOSLaunchTests.swift; sourceTree = "<group>"; };
		55F64A4728325359006720D5 /* Tests macOS.xctest */ = {isa = PBXFileReference; explicitFileType = wrapper.cfbundle; includeInIndex = 0; path = "Tests macOS.xctest"; sourceTree = BUILT_PRODUCTS_DIR; };
		55F64A4B28325359006720D5 /* Tests_macOS.swift */ = {isa = PBXFileReference; lastKnownFileType = sourcecode.swift; path = Tests_macOS.swift; sourceTree = "<group>"; };
		55F64A4D28325359006720D5 /* Tests_macOSLaunchTests.swift */ = {isa = PBXFileReference; lastKnownFileType = sourcecode.swift; path = Tests_macOSLaunchTests.swift; sourceTree = "<group>"; };
		6A1B6280DDC1E356B53B46E3 /* Pods-GitCommits (iOS).debug.xcconfig */ = {isa = PBXFileReference; includeInIndex = 1; lastKnownFileType = text.xcconfig; name = "Pods-GitCommits (iOS).debug.xcconfig"; path = "Target Support Files/Pods-GitCommits (iOS)/Pods-GitCommits (iOS).debug.xcconfig"; sourceTree = "<group>"; };
		77DB20A873028F19CF73FA1F /* Pods-GitCommits (iOS).release.xcconfig */ = {isa = PBXFileReference; includeInIndex = 1; lastKnownFileType = text.xcconfig; name = "Pods-GitCommits (iOS).release.xcconfig"; path = "Target Support Files/Pods-GitCommits (iOS)/Pods-GitCommits (iOS).release.xcconfig"; sourceTree = "<group>"; };
		E4D00F040BAD63A32D0C7703 /* Pods-GitCommits (macOS).release.xcconfig */ = {isa = PBXFileReference; includeInIndex = 1; lastKnownFileType = text.xcconfig; name = "Pods-GitCommits (macOS).release.xcconfig"; path = "Target Support Files/Pods-GitCommits (macOS)/Pods-GitCommits (macOS).release.xcconfig"; sourceTree = "<group>"; };
		EFB2AE64F414F5B129E9A9E4 /* Pods_GitCommits__iOS_.framework */ = {isa = PBXFileReference; explicitFileType = wrapper.framework; includeInIndex = 0; path = Pods_GitCommits__iOS_.framework; sourceTree = BUILT_PRODUCTS_DIR; };
/* End PBXFileReference section */

/* Begin PBXFrameworksBuildPhase section */
		55F64A2B28325359006720D5 /* Frameworks */ = {
			isa = PBXFrameworksBuildPhase;
			buildActionMask = 2147483647;
			files = (
				09401D3D9E55F9E8D5B87F0F /* Pods_GitCommits__iOS_.framework in Frameworks */,
			);
			runOnlyForDeploymentPostprocessing = 0;
		};
		55F64A3128325359006720D5 /* Frameworks */ = {
			isa = PBXFrameworksBuildPhase;
			buildActionMask = 2147483647;
			files = (
				9574FB507A3618A572C3B614 /* Pods_GitCommits__macOS_.framework in Frameworks */,
			);
			runOnlyForDeploymentPostprocessing = 0;
		};
		55F64A3828325359006720D5 /* Frameworks */ = {
			isa = PBXFrameworksBuildPhase;
			buildActionMask = 2147483647;
			files = (
			);
			runOnlyForDeploymentPostprocessing = 0;
		};
		55F64A4428325359006720D5 /* Frameworks */ = {
			isa = PBXFrameworksBuildPhase;
			buildActionMask = 2147483647;
			files = (
			);
			runOnlyForDeploymentPostprocessing = 0;
		};
/* End PBXFrameworksBuildPhase section */

/* Begin PBXGroup section */
		55693D63283B21AD00B00EE0 /* Extension */ = {
			isa = PBXGroup;
			children = (
				55693D64283B21DE00B00EE0 /* SimpleAlert.swift */,
				55E54C2D283CE508002F9F5F /* DictionaryExtension.swift */,
				5584ADAB283E1E6000E59403 /* AppStorageArray.swift */,
			);
			path = Extension;
			sourceTree = "<group>";
		};
		556DFE8B2834D69B00C67539 /* Model */ = {
			isa = PBXGroup;
			children = (
				556DFE882834D67600C67539 /* Repository.swift */,
				556DFE8C2834D71200C67539 /* RepositoryType.swift */,
				556DFE8F2834DC8700C67539 /* AppState.swift */,
				550AE46D283F44F800598FC3 /* Commit.swift */,
				550AE470283F6A4B00598FC3 /* Map.swift */,
			);
			path = Model;
			sourceTree = "<group>";
		};
		55E54C30283CE5EF002F9F5F /* Help */ = {
			isa = PBXGroup;
			children = (
				55E54C31283CE60A002F9F5F /* DBManager.swift */,
			);
			path = Help;
			sourceTree = "<group>";
		};
		55E6057928379E0B008EBA5C /* View */ = {
			isa = PBXGroup;
			children = (
				55A118CC2840B4BC00AF9E5B /* Flow.swift */,
				55E6057A28379E2A008EBA5C /* ConfirmButtonStyle.swift */,
				55E54C39283DCA46002F9F5F /* WebView.swift */,
			);
			path = View;
			sourceTree = "<group>";
		};
		55F64A2128325358006720D5 = {
			isa = PBXGroup;
			children = (
				55BE58F82835F816006E9DD6 /* GitCommits--macOS--Info.plist */,
				55F64A2628325358006720D5 /* Shared */,
				55F64A3528325359006720D5 /* macOS */,
				55F64A3E28325359006720D5 /* Tests iOS */,
				55F64A4A28325359006720D5 /* Tests macOS */,
				55F64A2F28325359006720D5 /* Products */,
				C0B1471C976774E876EC1004 /* Pods */,
				84DB40233E14A0418621BE5C /* Frameworks */,
			);
			sourceTree = "<group>";
		};
		55F64A2628325358006720D5 /* Shared */ = {
			isa = PBXGroup;
			children = (
				55E54C30283CE5EF002F9F5F /* Help */,
				55693D63283B21AD00B00EE0 /* Extension */,
				55E6057928379E0B008EBA5C /* View */,
				556DFE8B2834D69B00C67539 /* Model */,
				55F64A2728325358006720D5 /* GitCommitsApp.swift */,
				556DFE852834A40000C67539 /* RepositoryView.swift */,
				55E0A6442833A82F00BEAFFF /* HomeView.swift */,
				5584ADA8283E0FE800E59403 /* SettingsView.swift */,
				55BE58EE2835DD01006E9DD6 /* RepositoryImportView.swift */,
				55A118CF2840C59E00AF9E5B /* FloatInputView.swift */,
				55F64A2928325359006720D5 /* Assets.xcassets */,
				556DFE822834A28B00C67539 /* CommitsView.swift */,
			);
			path = Shared;
			sourceTree = "<group>";
		};
		55F64A2F28325359006720D5 /* Products */ = {
			isa = PBXGroup;
			children = (
				55F64A2E28325359006720D5 /* GitCommits.app */,
				55F64A3428325359006720D5 /* GitCommits.app */,
				55F64A3B28325359006720D5 /* Tests iOS.xctest */,
				55F64A4728325359006720D5 /* Tests macOS.xctest */,
			);
			name = Products;
			sourceTree = "<group>";
		};
		55F64A3528325359006720D5 /* macOS */ = {
			isa = PBXGroup;
			children = (
				55F64A3628325359006720D5 /* macOS.entitlements */,
				55BE58F12835F31C006E9DD6 /* SwiftUIWindow.swift */,
				55BE58F42835F35A006E9DD6 /* HostingView.swift */,
				55BE58F62835F391006E9DD6 /* WindowModifier.swift */,
				55BE58F92836185A006E9DD6 /* Appdelegate.swift */,
			);
			path = macOS;
			sourceTree = "<group>";
		};
		55F64A3E28325359006720D5 /* Tests iOS */ = {
			isa = PBXGroup;
			children = (
				55F64A3F28325359006720D5 /* Tests_iOS.swift */,
				55F64A4128325359006720D5 /* Tests_iOSLaunchTests.swift */,
			);
			path = "Tests iOS";
			sourceTree = "<group>";
		};
		55F64A4A28325359006720D5 /* Tests macOS */ = {
			isa = PBXGroup;
			children = (
				55F64A4B28325359006720D5 /* Tests_macOS.swift */,
				55F64A4D28325359006720D5 /* Tests_macOSLaunchTests.swift */,
			);
			path = "Tests macOS";
			sourceTree = "<group>";
		};
		84DB40233E14A0418621BE5C /* Frameworks */ = {
			isa = PBXGroup;
			children = (
				EFB2AE64F414F5B129E9A9E4 /* Pods_GitCommits__iOS_.framework */,
				440F7FD5CD24FCBEA4E99E2E /* Pods_GitCommits__macOS_.framework */,
			);
			name = Frameworks;
			sourceTree = "<group>";
		};
		C0B1471C976774E876EC1004 /* Pods */ = {
			isa = PBXGroup;
			children = (
				6A1B6280DDC1E356B53B46E3 /* Pods-GitCommits (iOS).debug.xcconfig */,
				77DB20A873028F19CF73FA1F /* Pods-GitCommits (iOS).release.xcconfig */,
				42613EEE6FE6B1B1B1D02C9E /* Pods-GitCommits (macOS).debug.xcconfig */,
				E4D00F040BAD63A32D0C7703 /* Pods-GitCommits (macOS).release.xcconfig */,
			);
			path = Pods;
			sourceTree = "<group>";
		};
/* End PBXGroup section */

/* Begin PBXNativeTarget section */
		55F64A2D28325359006720D5 /* GitCommits (iOS) */ = {
			isa = PBXNativeTarget;
			buildConfigurationList = 55F64A5728325359006720D5 /* Build configuration list for PBXNativeTarget "GitCommits (iOS)" */;
			buildPhases = (
				1935393A0C9F40AD202F5815 /* [CP] Check Pods Manifest.lock */,
				55F64A2A28325359006720D5 /* Sources */,
				55F64A2B28325359006720D5 /* Frameworks */,
				55F64A2C28325359006720D5 /* Resources */,
				471F2E001A2A85CBCE9ACBBC /* [CP] Embed Pods Frameworks */,
			);
			buildRules = (
			);
			dependencies = (
			);
			name = "GitCommits (iOS)";
			productName = "GitCommits (iOS)";
			productReference = 55F64A2E28325359006720D5 /* GitCommits.app */;
			productType = "com.apple.product-type.application";
		};
		55F64A3328325359006720D5 /* GitCommits (macOS) */ = {
			isa = PBXNativeTarget;
			buildConfigurationList = 55F64A5A28325359006720D5 /* Build configuration list for PBXNativeTarget "GitCommits (macOS)" */;
			buildPhases = (
				7E956882448304E50F8B8B87 /* [CP] Check Pods Manifest.lock */,
				55F64A3028325359006720D5 /* Sources */,
				55F64A3128325359006720D5 /* Frameworks */,
				55F64A3228325359006720D5 /* Resources */,
				0173AC59B960999EF7A92A57 /* [CP] Embed Pods Frameworks */,
			);
			buildRules = (
			);
			dependencies = (
			);
			name = "GitCommits (macOS)";
			productName = "GitCommits (macOS)";
			productReference = 55F64A3428325359006720D5 /* GitCommits.app */;
			productType = "com.apple.product-type.application";
		};
		55F64A3A28325359006720D5 /* Tests iOS */ = {
			isa = PBXNativeTarget;
			buildConfigurationList = 55F64A5D28325359006720D5 /* Build configuration list for PBXNativeTarget "Tests iOS" */;
			buildPhases = (
				55F64A3728325359006720D5 /* Sources */,
				55F64A3828325359006720D5 /* Frameworks */,
				55F64A3928325359006720D5 /* Resources */,
			);
			buildRules = (
			);
			dependencies = (
				55F64A3D28325359006720D5 /* PBXTargetDependency */,
			);
			name = "Tests iOS";
			productName = "Tests iOS";
			productReference = 55F64A3B28325359006720D5 /* Tests iOS.xctest */;
			productType = "com.apple.product-type.bundle.ui-testing";
		};
		55F64A4628325359006720D5 /* Tests macOS */ = {
			isa = PBXNativeTarget;
			buildConfigurationList = 55F64A6028325359006720D5 /* Build configuration list for PBXNativeTarget "Tests macOS" */;
			buildPhases = (
				55F64A4328325359006720D5 /* Sources */,
				55F64A4428325359006720D5 /* Frameworks */,
				55F64A4528325359006720D5 /* Resources */,
			);
			buildRules = (
			);
			dependencies = (
				55F64A4928325359006720D5 /* PBXTargetDependency */,
			);
			name = "Tests macOS";
			productName = "Tests macOS";
			productReference = 55F64A4728325359006720D5 /* Tests macOS.xctest */;
			productType = "com.apple.product-type.bundle.ui-testing";
		};
/* End PBXNativeTarget section */

/* Begin PBXProject section */
		55F64A2228325358006720D5 /* Project object */ = {
			isa = PBXProject;
			attributes = {
				BuildIndependentTargetsInParallel = 1;
				LastSwiftUpdateCheck = 1340;
				LastUpgradeCheck = 1340;
				TargetAttributes = {
					55F64A2D28325359006720D5 = {
						CreatedOnToolsVersion = 13.4;
					};
					55F64A3328325359006720D5 = {
						CreatedOnToolsVersion = 13.4;
					};
					55F64A3A28325359006720D5 = {
						CreatedOnToolsVersion = 13.4;
						TestTargetID = 55F64A2D28325359006720D5;
					};
					55F64A4628325359006720D5 = {
						CreatedOnToolsVersion = 13.4;
						TestTargetID = 55F64A3328325359006720D5;
					};
				};
			};
			buildConfigurationList = 55F64A2528325358006720D5 /* Build configuration list for PBXProject "GitCommits" */;
			compatibilityVersion = "Xcode 13.0";
			developmentRegion = en;
			hasScannedForEncodings = 0;
			knownRegions = (
				en,
				Base,
			);
			mainGroup = 55F64A2128325358006720D5;
			productRefGroup = 55F64A2F28325359006720D5 /* Products */;
			projectDirPath = "";
			projectRoot = "";
			targets = (
				55F64A2D28325359006720D5 /* GitCommits (iOS) */,
				55F64A3328325359006720D5 /* GitCommits (macOS) */,
				55F64A3A28325359006720D5 /* Tests iOS */,
				55F64A4628325359006720D5 /* Tests macOS */,
			);
		};
/* End PBXProject section */

/* Begin PBXResourcesBuildPhase section */
		55F64A2C28325359006720D5 /* Resources */ = {
			isa = PBXResourcesBuildPhase;
			buildActionMask = 2147483647;
			files = (
				55F64A5328325359006720D5 /* Assets.xcassets in Resources */,
			);
			runOnlyForDeploymentPostprocessing = 0;
		};
		55F64A3228325359006720D5 /* Resources */ = {
			isa = PBXResourcesBuildPhase;
			buildActionMask = 2147483647;
			files = (
				55F64A5428325359006720D5 /* Assets.xcassets in Resources */,
			);
			runOnlyForDeploymentPostprocessing = 0;
		};
		55F64A3928325359006720D5 /* Resources */ = {
			isa = PBXResourcesBuildPhase;
			buildActionMask = 2147483647;
			files = (
			);
			runOnlyForDeploymentPostprocessing = 0;
		};
		55F64A4528325359006720D5 /* Resources */ = {
			isa = PBXResourcesBuildPhase;
			buildActionMask = 2147483647;
			files = (
			);
			runOnlyForDeploymentPostprocessing = 0;
		};
/* End PBXResourcesBuildPhase section */

/* Begin PBXShellScriptBuildPhase section */
		0173AC59B960999EF7A92A57 /* [CP] Embed Pods Frameworks */ = {
			isa = PBXShellScriptBuildPhase;
			buildActionMask = 2147483647;
			files = (
			);
			inputFileListPaths = (
				"${PODS_ROOT}/Target Support Files/Pods-GitCommits (macOS)/Pods-GitCommits (macOS)-frameworks-${CONFIGURATION}-input-files.xcfilelist",
			);
			name = "[CP] Embed Pods Frameworks";
			outputFileListPaths = (
				"${PODS_ROOT}/Target Support Files/Pods-GitCommits (macOS)/Pods-GitCommits (macOS)-frameworks-${CONFIGURATION}-output-files.xcfilelist",
			);
			runOnlyForDeploymentPostprocessing = 0;
			shellPath = /bin/sh;
			shellScript = "\"${PODS_ROOT}/Target Support Files/Pods-GitCommits (macOS)/Pods-GitCommits (macOS)-frameworks.sh\"\n";
			showEnvVarsInLog = 0;
		};
		1935393A0C9F40AD202F5815 /* [CP] Check Pods Manifest.lock */ = {
			isa = PBXShellScriptBuildPhase;
			buildActionMask = 2147483647;
			files = (
			);
			inputFileListPaths = (
			);
			inputPaths = (
				"${PODS_PODFILE_DIR_PATH}/Podfile.lock",
				"${PODS_ROOT}/Manifest.lock",
			);
			name = "[CP] Check Pods Manifest.lock";
			outputFileListPaths = (
			);
			outputPaths = (
				"$(DERIVED_FILE_DIR)/Pods-GitCommits (iOS)-checkManifestLockResult.txt",
			);
			runOnlyForDeploymentPostprocessing = 0;
			shellPath = /bin/sh;
			shellScript = "diff \"${PODS_PODFILE_DIR_PATH}/Podfile.lock\" \"${PODS_ROOT}/Manifest.lock\" > /dev/null\nif [ $? != 0 ] ; then\n    # print error to STDERR\n    echo \"error: The sandbox is not in sync with the Podfile.lock. Run 'pod install' or update your CocoaPods installation.\" >&2\n    exit 1\nfi\n# This output is used by Xcode 'outputs' to avoid re-running this script phase.\necho \"SUCCESS\" > \"${SCRIPT_OUTPUT_FILE_0}\"\n";
			showEnvVarsInLog = 0;
		};
		471F2E001A2A85CBCE9ACBBC /* [CP] Embed Pods Frameworks */ = {
			isa = PBXShellScriptBuildPhase;
			buildActionMask = 2147483647;
			files = (
			);
			inputFileListPaths = (
				"${PODS_ROOT}/Target Support Files/Pods-GitCommits (iOS)/Pods-GitCommits (iOS)-frameworks-${CONFIGURATION}-input-files.xcfilelist",
			);
			name = "[CP] Embed Pods Frameworks";
			outputFileListPaths = (
				"${PODS_ROOT}/Target Support Files/Pods-GitCommits (iOS)/Pods-GitCommits (iOS)-frameworks-${CONFIGURATION}-output-files.xcfilelist",
			);
			runOnlyForDeploymentPostprocessing = 0;
			shellPath = /bin/sh;
			shellScript = "\"${PODS_ROOT}/Target Support Files/Pods-GitCommits (iOS)/Pods-GitCommits (iOS)-frameworks.sh\"\n";
			showEnvVarsInLog = 0;
		};
		7E956882448304E50F8B8B87 /* [CP] Check Pods Manifest.lock */ = {
			isa = PBXShellScriptBuildPhase;
			buildActionMask = 2147483647;
			files = (
			);
			inputFileListPaths = (
			);
			inputPaths = (
				"${PODS_PODFILE_DIR_PATH}/Podfile.lock",
				"${PODS_ROOT}/Manifest.lock",
			);
			name = "[CP] Check Pods Manifest.lock";
			outputFileListPaths = (
			);
			outputPaths = (
				"$(DERIVED_FILE_DIR)/Pods-GitCommits (macOS)-checkManifestLockResult.txt",
			);
			runOnlyForDeploymentPostprocessing = 0;
			shellPath = /bin/sh;
			shellScript = "diff \"${PODS_PODFILE_DIR_PATH}/Podfile.lock\" \"${PODS_ROOT}/Manifest.lock\" > /dev/null\nif [ $? != 0 ] ; then\n    # print error to STDERR\n    echo \"error: The sandbox is not in sync with the Podfile.lock. Run 'pod install' or update your CocoaPods installation.\" >&2\n    exit 1\nfi\n# This output is used by Xcode 'outputs' to avoid re-running this script phase.\necho \"SUCCESS\" > \"${SCRIPT_OUTPUT_FILE_0}\"\n";
			showEnvVarsInLog = 0;
		};
/* End PBXShellScriptBuildPhase section */

/* Begin PBXSourcesBuildPhase section */
		55F64A2A28325359006720D5 /* Sources */ = {
			isa = PBXSourcesBuildPhase;
			buildActionMask = 2147483647;
			files = (
				550AE46E283F44F800598FC3 /* Commit.swift in Sources */,
				55A118CD2840B4BC00AF9E5B /* Flow.swift in Sources */,
				55E0A6452833A82F00BEAFFF /* HomeView.swift in Sources */,
				550AE471283F6A4B00598FC3 /* Map.swift in Sources */,
				55F64A4F28325359006720D5 /* GitCommitsApp.swift in Sources */,
				556DFE902834DC8700C67539 /* AppState.swift in Sources */,
				55BE58EF2835DD01006E9DD6 /* RepositoryImportView.swift in Sources */,
				556DFE862834A40000C67539 /* RepositoryView.swift in Sources */,
				556DFE832834A28B00C67539 /* CommitsView.swift in Sources */,
				55E6057B28379E2A008EBA5C /* ConfirmButtonStyle.swift in Sources */,
				55E54C2E283CE508002F9F5F /* DictionaryExtension.swift in Sources */,
				556DFE8D2834D71200C67539 /* RepositoryType.swift in Sources */,
				55E54C3A283DCA46002F9F5F /* WebView.swift in Sources */,
				556DFE892834D67600C67539 /* Repository.swift in Sources */,
				55E54C32283CE60A002F9F5F /* DBManager.swift in Sources */,
				5584ADA9283E0FE800E59403 /* SettingsView.swift in Sources */,
				55A118D02840C59E00AF9E5B /* FloatInputView.swift in Sources */,
				5584ADAC283E1E6000E59403 /* AppStorageArray.swift in Sources */,
			);
			runOnlyForDeploymentPostprocessing = 0;
		};
		55F64A3028325359006720D5 /* Sources */ = {
			isa = PBXSourcesBuildPhase;
			buildActionMask = 2147483647;
			files = (
				550AE46F283F44F800598FC3 /* Commit.swift in Sources */,
				55E0A6462833A82F00BEAFFF /* HomeView.swift in Sources */,
				55A118D12840C59E00AF9E5B /* FloatInputView.swift in Sources */,
				55BE58F72835F391006E9DD6 /* WindowModifier.swift in Sources */,
				55F64A5028325359006720D5 /* GitCommitsApp.swift in Sources */,
				5584ADAA283E0FE800E59403 /* SettingsView.swift in Sources */,
				556DFE912834DC8700C67539 /* AppState.swift in Sources */,
				5584ADAD283E1E6000E59403 /* AppStorageArray.swift in Sources */,
				55A118CE2840B4BC00AF9E5B /* Flow.swift in Sources */,
				55693D65283B21DE00B00EE0 /* SimpleAlert.swift in Sources */,
				55E6057C28379E2A008EBA5C /* ConfirmButtonStyle.swift in Sources */,
				55BE58FA2836185A006E9DD6 /* Appdelegate.swift in Sources */,
				550AE472283F6A4B00598FC3 /* Map.swift in Sources */,
				55BE58F52835F35A006E9DD6 /* HostingView.swift in Sources */,
				55BE58F02835DD01006E9DD6 /* RepositoryImportView.swift in Sources */,
				556DFE872834A40000C67539 /* RepositoryView.swift in Sources */,
				556DFE842834A28B00C67539 /* CommitsView.swift in Sources */,
				55E54C3B283DCA46002F9F5F /* WebView.swift in Sources */,
				55E54C33283CE60A002F9F5F /* DBManager.swift in Sources */,
				556DFE8E2834D71200C67539 /* RepositoryType.swift in Sources */,
				55E54C2F283CE508002F9F5F /* DictionaryExtension.swift in Sources */,
				55BE58F32835F31C006E9DD6 /* SwiftUIWindow.swift in Sources */,
				556DFE8A2834D67600C67539 /* Repository.swift in Sources */,
			);
			runOnlyForDeploymentPostprocessing = 0;
		};
		55F64A3728325359006720D5 /* Sources */ = {
			isa = PBXSourcesBuildPhase;
			buildActionMask = 2147483647;
			files = (
				55E0A6472833A82F00BEAFFF /* HomeView.swift in Sources */,
				55F64A4228325359006720D5 /* Tests_iOSLaunchTests.swift in Sources */,
				55F64A4028325359006720D5 /* Tests_iOS.swift in Sources */,
				55E54C34283CE60A002F9F5F /* DBManager.swift in Sources */,
			);
			runOnlyForDeploymentPostprocessing = 0;
		};
		55F64A4328325359006720D5 /* Sources */ = {
			isa = PBXSourcesBuildPhase;
			buildActionMask = 2147483647;
			files = (
				55E0A6482833A82F00BEAFFF /* HomeView.swift in Sources */,
				55F64A4E28325359006720D5 /* Tests_macOSLaunchTests.swift in Sources */,
				55F64A4C28325359006720D5 /* Tests_macOS.swift in Sources */,
				55E54C35283CE60A002F9F5F /* DBManager.swift in Sources */,
			);
			runOnlyForDeploymentPostprocessing = 0;
		};
/* End PBXSourcesBuildPhase section */

/* Begin PBXTargetDependency section */
		55F64A3D28325359006720D5 /* PBXTargetDependency */ = {
			isa = PBXTargetDependency;
			target = 55F64A2D28325359006720D5 /* GitCommits (iOS) */;
			targetProxy = 55F64A3C28325359006720D5 /* PBXContainerItemProxy */;
		};
		55F64A4928325359006720D5 /* PBXTargetDependency */ = {
			isa = PBXTargetDependency;
			target = 55F64A3328325359006720D5 /* GitCommits (macOS) */;
			targetProxy = 55F64A4828325359006720D5 /* PBXContainerItemProxy */;
		};
/* End PBXTargetDependency section */

/* Begin XCBuildConfiguration section */
		55F64A5528325359006720D5 /* Debug */ = {
			isa = XCBuildConfiguration;
			buildSettings = {
				ALWAYS_SEARCH_USER_PATHS = NO;
				CLANG_ANALYZER_NONNULL = YES;
				CLANG_ANALYZER_NUMBER_OBJECT_CONVERSION = YES_AGGRESSIVE;
				CLANG_CXX_LANGUAGE_STANDARD = "gnu++17";
				CLANG_ENABLE_MODULES = YES;
				CLANG_ENABLE_OBJC_ARC = YES;
				CLANG_ENABLE_OBJC_WEAK = YES;
				CLANG_WARN_BLOCK_CAPTURE_AUTORELEASING = YES;
				CLANG_WARN_BOOL_CONVERSION = YES;
				CLANG_WARN_COMMA = YES;
				CLANG_WARN_CONSTANT_CONVERSION = YES;
				CLANG_WARN_DEPRECATED_OBJC_IMPLEMENTATIONS = YES;
				CLANG_WARN_DIRECT_OBJC_ISA_USAGE = YES_ERROR;
				CLANG_WARN_DOCUMENTATION_COMMENTS = YES;
				CLANG_WARN_EMPTY_BODY = YES;
				CLANG_WARN_ENUM_CONVERSION = YES;
				CLANG_WARN_INFINITE_RECURSION = YES;
				CLANG_WARN_INT_CONVERSION = YES;
				CLANG_WARN_NON_LITERAL_NULL_CONVERSION = YES;
				CLANG_WARN_OBJC_IMPLICIT_RETAIN_SELF = YES;
				CLANG_WARN_OBJC_LITERAL_CONVERSION = YES;
				CLANG_WARN_OBJC_ROOT_CLASS = YES_ERROR;
				CLANG_WARN_QUOTED_INCLUDE_IN_FRAMEWORK_HEADER = YES;
				CLANG_WARN_RANGE_LOOP_ANALYSIS = YES;
				CLANG_WARN_STRICT_PROTOTYPES = YES;
				CLANG_WARN_SUSPICIOUS_MOVE = YES;
				CLANG_WARN_UNGUARDED_AVAILABILITY = YES_AGGRESSIVE;
				CLANG_WARN_UNREACHABLE_CODE = YES;
				CLANG_WARN__DUPLICATE_METHOD_MATCH = YES;
				COPY_PHASE_STRIP = NO;
				DEBUG_INFORMATION_FORMAT = dwarf;
				ENABLE_STRICT_OBJC_MSGSEND = YES;
				ENABLE_TESTABILITY = YES;
				GCC_C_LANGUAGE_STANDARD = gnu11;
				GCC_DYNAMIC_NO_PIC = NO;
				GCC_NO_COMMON_BLOCKS = YES;
				GCC_OPTIMIZATION_LEVEL = 0;
				GCC_PREPROCESSOR_DEFINITIONS = (
					"DEBUG=1",
					"$(inherited)",
				);
				GCC_WARN_64_TO_32_BIT_CONVERSION = YES;
				GCC_WARN_ABOUT_RETURN_TYPE = YES_ERROR;
				GCC_WARN_UNDECLARED_SELECTOR = YES;
				GCC_WARN_UNINITIALIZED_AUTOS = YES_AGGRESSIVE;
				GCC_WARN_UNUSED_FUNCTION = YES;
				GCC_WARN_UNUSED_VARIABLE = YES;
				MTL_ENABLE_DEBUG_INFO = INCLUDE_SOURCE;
				MTL_FAST_MATH = YES;
				ONLY_ACTIVE_ARCH = YES;
				SWIFT_ACTIVE_COMPILATION_CONDITIONS = DEBUG;
				SWIFT_OPTIMIZATION_LEVEL = "-Onone";
			};
			name = Debug;
		};
		55F64A5628325359006720D5 /* Release */ = {
			isa = XCBuildConfiguration;
			buildSettings = {
				ALWAYS_SEARCH_USER_PATHS = NO;
				CLANG_ANALYZER_NONNULL = YES;
				CLANG_ANALYZER_NUMBER_OBJECT_CONVERSION = YES_AGGRESSIVE;
				CLANG_CXX_LANGUAGE_STANDARD = "gnu++17";
				CLANG_ENABLE_MODULES = YES;
				CLANG_ENABLE_OBJC_ARC = YES;
				CLANG_ENABLE_OBJC_WEAK = YES;
				CLANG_WARN_BLOCK_CAPTURE_AUTORELEASING = YES;
				CLANG_WARN_BOOL_CONVERSION = YES;
				CLANG_WARN_COMMA = YES;
				CLANG_WARN_CONSTANT_CONVERSION = YES;
				CLANG_WARN_DEPRECATED_OBJC_IMPLEMENTATIONS = YES;
				CLANG_WARN_DIRECT_OBJC_ISA_USAGE = YES_ERROR;
				CLANG_WARN_DOCUMENTATION_COMMENTS = YES;
				CLANG_WARN_EMPTY_BODY = YES;
				CLANG_WARN_ENUM_CONVERSION = YES;
				CLANG_WARN_INFINITE_RECURSION = YES;
				CLANG_WARN_INT_CONVERSION = YES;
				CLANG_WARN_NON_LITERAL_NULL_CONVERSION = YES;
				CLANG_WARN_OBJC_IMPLICIT_RETAIN_SELF = YES;
				CLANG_WARN_OBJC_LITERAL_CONVERSION = YES;
				CLANG_WARN_OBJC_ROOT_CLASS = YES_ERROR;
				CLANG_WARN_QUOTED_INCLUDE_IN_FRAMEWORK_HEADER = YES;
				CLANG_WARN_RANGE_LOOP_ANALYSIS = YES;
				CLANG_WARN_STRICT_PROTOTYPES = YES;
				CLANG_WARN_SUSPICIOUS_MOVE = YES;
				CLANG_WARN_UNGUARDED_AVAILABILITY = YES_AGGRESSIVE;
				CLANG_WARN_UNREACHABLE_CODE = YES;
				CLANG_WARN__DUPLICATE_METHOD_MATCH = YES;
				COPY_PHASE_STRIP = NO;
				DEBUG_INFORMATION_FORMAT = "dwarf-with-dsym";
				ENABLE_NS_ASSERTIONS = NO;
				ENABLE_STRICT_OBJC_MSGSEND = YES;
				GCC_C_LANGUAGE_STANDARD = gnu11;
				GCC_NO_COMMON_BLOCKS = YES;
				GCC_WARN_64_TO_32_BIT_CONVERSION = YES;
				GCC_WARN_ABOUT_RETURN_TYPE = YES_ERROR;
				GCC_WARN_UNDECLARED_SELECTOR = YES;
				GCC_WARN_UNINITIALIZED_AUTOS = YES_AGGRESSIVE;
				GCC_WARN_UNUSED_FUNCTION = YES;
				GCC_WARN_UNUSED_VARIABLE = YES;
				MTL_ENABLE_DEBUG_INFO = NO;
				MTL_FAST_MATH = YES;
				SWIFT_COMPILATION_MODE = wholemodule;
				SWIFT_OPTIMIZATION_LEVEL = "-O";
			};
			name = Release;
		};
		55F64A5828325359006720D5 /* Debug */ = {
			isa = XCBuildConfiguration;
			baseConfigurationReference = 6A1B6280DDC1E356B53B46E3 /* Pods-GitCommits (iOS).debug.xcconfig */;
			buildSettings = {
				ASSETCATALOG_COMPILER_APPICON_NAME = AppIcon;
				ASSETCATALOG_COMPILER_GLOBAL_ACCENT_COLOR_NAME = AccentColor;
				CODE_SIGN_STYLE = Automatic;
				CURRENT_PROJECT_VERSION = 1;
				DEVELOPMENT_TEAM = GP4MMMES25;
				ENABLE_PREVIEWS = YES;
				GENERATE_INFOPLIST_FILE = YES;
				INFOPLIST_KEY_UIApplicationSceneManifest_Generation = YES;
				INFOPLIST_KEY_UIApplicationSupportsIndirectInputEvents = YES;
				INFOPLIST_KEY_UILaunchScreen_Generation = YES;
				INFOPLIST_KEY_UISupportedInterfaceOrientations_iPad = "UIInterfaceOrientationPortrait UIInterfaceOrientationPortraitUpsideDown UIInterfaceOrientationLandscapeLeft UIInterfaceOrientationLandscapeRight";
				INFOPLIST_KEY_UISupportedInterfaceOrientations_iPhone = "UIInterfaceOrientationPortrait UIInterfaceOrientationLandscapeLeft UIInterfaceOrientationLandscapeRight";
				IPHONEOS_DEPLOYMENT_TARGET = 15.5;
				LD_RUNPATH_SEARCH_PATHS = (
					"$(inherited)",
					"@executable_path/Frameworks",
				);
				MARKETING_VERSION = 1.0;
				PRODUCT_BUNDLE_IDENTIFIER = com.iqilu.GitCommits;
				PRODUCT_NAME = GitCommits;
				SDKROOT = iphoneos;
				SWIFT_EMIT_LOC_STRINGS = YES;
				SWIFT_VERSION = 5.0;
				TARGETED_DEVICE_FAMILY = "1,2";
			};
			name = Debug;
		};
		55F64A5928325359006720D5 /* Release */ = {
			isa = XCBuildConfiguration;
			baseConfigurationReference = 77DB20A873028F19CF73FA1F /* Pods-GitCommits (iOS).release.xcconfig */;
			buildSettings = {
				ASSETCATALOG_COMPILER_APPICON_NAME = AppIcon;
				ASSETCATALOG_COMPILER_GLOBAL_ACCENT_COLOR_NAME = AccentColor;
				CODE_SIGN_STYLE = Automatic;
				CURRENT_PROJECT_VERSION = 1;
				DEVELOPMENT_TEAM = GP4MMMES25;
				ENABLE_PREVIEWS = YES;
				GENERATE_INFOPLIST_FILE = YES;
				INFOPLIST_KEY_UIApplicationSceneManifest_Generation = YES;
				INFOPLIST_KEY_UIApplicationSupportsIndirectInputEvents = YES;
				INFOPLIST_KEY_UILaunchScreen_Generation = YES;
				INFOPLIST_KEY_UISupportedInterfaceOrientations_iPad = "UIInterfaceOrientationPortrait UIInterfaceOrientationPortraitUpsideDown UIInterfaceOrientationLandscapeLeft UIInterfaceOrientationLandscapeRight";
				INFOPLIST_KEY_UISupportedInterfaceOrientations_iPhone = "UIInterfaceOrientationPortrait UIInterfaceOrientationLandscapeLeft UIInterfaceOrientationLandscapeRight";
				IPHONEOS_DEPLOYMENT_TARGET = 15.5;
				LD_RUNPATH_SEARCH_PATHS = (
					"$(inherited)",
					"@executable_path/Frameworks",
				);
				MARKETING_VERSION = 1.0;
				PRODUCT_BUNDLE_IDENTIFIER = com.iqilu.GitCommits;
				PRODUCT_NAME = GitCommits;
				SDKROOT = iphoneos;
				SWIFT_EMIT_LOC_STRINGS = YES;
				SWIFT_VERSION = 5.0;
				TARGETED_DEVICE_FAMILY = "1,2";
				VALIDATE_PRODUCT = YES;
			};
			name = Release;
		};
		55F64A5B28325359006720D5 /* Debug */ = {
			isa = XCBuildConfiguration;
			baseConfigurationReference = 42613EEE6FE6B1B1B1D02C9E /* Pods-GitCommits (macOS).debug.xcconfig */;
			buildSettings = {
				ASSETCATALOG_COMPILER_APPICON_NAME = AppIcon;
				ASSETCATALOG_COMPILER_GLOBAL_ACCENT_COLOR_NAME = AccentColor;
				CODE_SIGN_ENTITLEMENTS = macOS/macOS.entitlements;
				CODE_SIGN_STYLE = Automatic;
				COMBINE_HIDPI_IMAGES = YES;
				CURRENT_PROJECT_VERSION = 1;
				DEVELOPMENT_TEAM = GP4MMMES25;
				ENABLE_HARDENED_RUNTIME = YES;
				ENABLE_PREVIEWS = YES;
				GENERATE_INFOPLIST_FILE = YES;
				INFOPLIST_FILE = "GitCommits--macOS--Info.plist";
				INFOPLIST_KEY_NSHumanReadableCopyright = "";
				LD_RUNPATH_SEARCH_PATHS = (
					"$(inherited)",
					"@executable_path/../Frameworks",
				);
				MACOSX_DEPLOYMENT_TARGET = 12.3;
				MARKETING_VERSION = 1.0;
				PRODUCT_BUNDLE_IDENTIFIER = com.iqilu.GitCommits;
				PRODUCT_NAME = GitCommits;
				SDKROOT = macosx;
				SWIFT_EMIT_LOC_STRINGS = YES;
				SWIFT_VERSION = 5.0;
			};
			name = Debug;
		};
		55F64A5C28325359006720D5 /* Release */ = {
			isa = XCBuildConfiguration;
			baseConfigurationReference = E4D00F040BAD63A32D0C7703 /* Pods-GitCommits (macOS).release.xcconfig */;
			buildSettings = {
				ASSETCATALOG_COMPILER_APPICON_NAME = AppIcon;
				ASSETCATALOG_COMPILER_GLOBAL_ACCENT_COLOR_NAME = AccentColor;
				CODE_SIGN_ENTITLEMENTS = macOS/macOS.entitlements;
				CODE_SIGN_STYLE = Automatic;
				COMBINE_HIDPI_IMAGES = YES;
				CURRENT_PROJECT_VERSION = 1;
				DEVELOPMENT_TEAM = GP4MMMES25;
				ENABLE_HARDENED_RUNTIME = YES;
				ENABLE_PREVIEWS = YES;
				GENERATE_INFOPLIST_FILE = YES;
				INFOPLIST_FILE = "GitCommits--macOS--Info.plist";
				INFOPLIST_KEY_NSHumanReadableCopyright = "";
				LD_RUNPATH_SEARCH_PATHS = (
					"$(inherited)",
					"@executable_path/../Frameworks",
				);
				MACOSX_DEPLOYMENT_TARGET = 12.3;
				MARKETING_VERSION = 1.0;
				PRODUCT_BUNDLE_IDENTIFIER = com.iqilu.GitCommits;
				PRODUCT_NAME = GitCommits;
				SDKROOT = macosx;
				SWIFT_EMIT_LOC_STRINGS = YES;
				SWIFT_VERSION = 5.0;
			};
			name = Release;
		};
		55F64A5E28325359006720D5 /* Debug */ = {
			isa = XCBuildConfiguration;
			buildSettings = {
				ALWAYS_EMBED_SWIFT_STANDARD_LIBRARIES = YES;
				CODE_SIGN_STYLE = Automatic;
				CURRENT_PROJECT_VERSION = 1;
				DEVELOPMENT_TEAM = GP4MMMES25;
				GENERATE_INFOPLIST_FILE = YES;
				IPHONEOS_DEPLOYMENT_TARGET = 15.5;
				MARKETING_VERSION = 1.0;
				PRODUCT_BUNDLE_IDENTIFIER = "com.iqilu.Tests-iOS";
				PRODUCT_NAME = "$(TARGET_NAME)";
				SDKROOT = iphoneos;
				SWIFT_EMIT_LOC_STRINGS = NO;
				SWIFT_VERSION = 5.0;
				TARGETED_DEVICE_FAMILY = "1,2";
				TEST_TARGET_NAME = "GitCommits (iOS)";
			};
			name = Debug;
		};
		55F64A5F28325359006720D5 /* Release */ = {
			isa = XCBuildConfiguration;
			buildSettings = {
				ALWAYS_EMBED_SWIFT_STANDARD_LIBRARIES = YES;
				CODE_SIGN_STYLE = Automatic;
				CURRENT_PROJECT_VERSION = 1;
				DEVELOPMENT_TEAM = GP4MMMES25;
				GENERATE_INFOPLIST_FILE = YES;
				IPHONEOS_DEPLOYMENT_TARGET = 15.5;
				MARKETING_VERSION = 1.0;
				PRODUCT_BUNDLE_IDENTIFIER = "com.iqilu.Tests-iOS";
				PRODUCT_NAME = "$(TARGET_NAME)";
				SDKROOT = iphoneos;
				SWIFT_EMIT_LOC_STRINGS = NO;
				SWIFT_VERSION = 5.0;
				TARGETED_DEVICE_FAMILY = "1,2";
				TEST_TARGET_NAME = "GitCommits (iOS)";
				VALIDATE_PRODUCT = YES;
			};
			name = Release;
		};
		55F64A6128325359006720D5 /* Debug */ = {
			isa = XCBuildConfiguration;
			buildSettings = {
				ALWAYS_EMBED_SWIFT_STANDARD_LIBRARIES = YES;
				CODE_SIGN_STYLE = Automatic;
				CURRENT_PROJECT_VERSION = 1;
				DEVELOPMENT_TEAM = GP4MMMES25;
				GENERATE_INFOPLIST_FILE = YES;
				MACOSX_DEPLOYMENT_TARGET = 12.3;
				MARKETING_VERSION = 1.0;
				PRODUCT_BUNDLE_IDENTIFIER = "com.iqilu.Tests-macOS";
				PRODUCT_NAME = "$(TARGET_NAME)";
				SDKROOT = macosx;
				SWIFT_EMIT_LOC_STRINGS = NO;
				SWIFT_VERSION = 5.0;
				TEST_TARGET_NAME = "GitCommits (macOS)";
			};
			name = Debug;
		};
		55F64A6228325359006720D5 /* Release */ = {
			isa = XCBuildConfiguration;
			buildSettings = {
				ALWAYS_EMBED_SWIFT_STANDARD_LIBRARIES = YES;
				CODE_SIGN_STYLE = Automatic;
				CURRENT_PROJECT_VERSION = 1;
				DEVELOPMENT_TEAM = GP4MMMES25;
				GENERATE_INFOPLIST_FILE = YES;
				MACOSX_DEPLOYMENT_TARGET = 12.3;
				MARKETING_VERSION = 1.0;
				PRODUCT_BUNDLE_IDENTIFIER = "com.iqilu.Tests-macOS";
				PRODUCT_NAME = "$(TARGET_NAME)";
				SDKROOT = macosx;
				SWIFT_EMIT_LOC_STRINGS = NO;
				SWIFT_VERSION = 5.0;
				TEST_TARGET_NAME = "GitCommits (macOS)";
			};
			name = Release;
		};
/* End XCBuildConfiguration section */

/* Begin XCConfigurationList section */
		55F64A2528325358006720D5 /* Build configuration list for PBXProject "GitCommits" */ = {
			isa = XCConfigurationList;
			buildConfigurations = (
				55F64A5528325359006720D5 /* Debug */,
				55F64A5628325359006720D5 /* Release */,
			);
			defaultConfigurationIsVisible = 0;
			defaultConfigurationName = Release;
		};
		55F64A5728325359006720D5 /* Build configuration list for PBXNativeTarget "GitCommits (iOS)" */ = {
			isa = XCConfigurationList;
			buildConfigurations = (
				55F64A5828325359006720D5 /* Debug */,
				55F64A5928325359006720D5 /* Release */,
			);
			defaultConfigurationIsVisible = 0;
			defaultConfigurationName = Release;
		};
		55F64A5A28325359006720D5 /* Build configuration list for PBXNativeTarget "GitCommits (macOS)" */ = {
			isa = XCConfigurationList;
			buildConfigurations = (
				55F64A5B28325359006720D5 /* Debug */,
				55F64A5C28325359006720D5 /* Release */,
			);
			defaultConfigurationIsVisible = 0;
			defaultConfigurationName = Release;
		};
		55F64A5D28325359006720D5 /* Build configuration list for PBXNativeTarget "Tests iOS" */ = {
			isa = XCConfigurationList;
			buildConfigurations = (
				55F64A5E28325359006720D5 /* Debug */,
				55F64A5F28325359006720D5 /* Release */,
			);
			defaultConfigurationIsVisible = 0;
			defaultConfigurationName = Release;
		};
		55F64A6028325359006720D5 /* Build configuration list for PBXNativeTarget "Tests macOS" */ = {
			isa = XCConfigurationList;
			buildConfigurations = (
				55F64A6128325359006720D5 /* Debug */,
				55F64A6228325359006720D5 /* Release */,
			);
			defaultConfigurationIsVisible = 0;
			defaultConfigurationName = Release;
		};
/* End XCConfigurationList section */
	};
	rootObject = 55F64A2228325358006720D5 /* Project object */;
}
